// !$*UTF8*$!
{
	archiveVersion = 1;
	classes = {
	};
	objectVersion = 56;
	objects = {

/* Begin PBXBuildFile section */
		63279DDF290D697900814474 /* FormsView.swift in Sources */ = {isa = PBXBuildFile; fileRef = 63279DDE290D697900814474 /* FormsView.swift */; };
		63279DE1290D779C00814474 /* UploadButton.swift in Sources */ = {isa = PBXBuildFile; fileRef = 63279DE0290D779C00814474 /* UploadButton.swift */; };
		63279DE3290D825000814474 /* FormData.swift in Sources */ = {isa = PBXBuildFile; fileRef = 63279DE2290D825000814474 /* FormData.swift */; };
		633133F42921B92200CEBB62 /* FormsStore.swift in Sources */ = {isa = PBXBuildFile; fileRef = 633133F32921B92200CEBB62 /* FormsStore.swift */; };
		633133F62921BEEC00CEBB62 /* FormCard.swift in Sources */ = {isa = PBXBuildFile; fileRef = 633133F52921BEEC00CEBB62 /* FormCard.swift */; };
		633133F82921D93B00CEBB62 /* Response.swift in Sources */ = {isa = PBXBuildFile; fileRef = 633133F72921D93B00CEBB62 /* Response.swift */; };
		633133FA2921E82A00CEBB62 /* FormQuestion.swift in Sources */ = {isa = PBXBuildFile; fileRef = 633133F92921E82A00CEBB62 /* FormQuestion.swift */; };
		638B5369290ED2E0005AB8FD /* AcademyView.swift in Sources */ = {isa = PBXBuildFile; fileRef = 638B5368290ED2E0005AB8FD /* AcademyView.swift */; };
		63A367612910A0DD00B7515E /* ProfileView.swift in Sources */ = {isa = PBXBuildFile; fileRef = 63A367602910A0DD00B7515E /* ProfileView.swift */; };
		63B0F534292136B600E62554 /* ApplicationForm.swift in Sources */ = {isa = PBXBuildFile; fileRef = 63B0F533292136B600E62554 /* ApplicationForm.swift */; };
		63E16C77290C3BB900166906 /* SAFAApp.swift in Sources */ = {isa = PBXBuildFile; fileRef = 63E16C76290C3BB900166906 /* SAFAApp.swift */; };
		63E16C79290C3BB900166906 /* ContentView.swift in Sources */ = {isa = PBXBuildFile; fileRef = 63E16C78290C3BB900166906 /* ContentView.swift */; };
		63E16C7B290C3BBC00166906 /* Assets.xcassets in Resources */ = {isa = PBXBuildFile; fileRef = 63E16C7A290C3BBC00166906 /* Assets.xcassets */; };
		63E16C7F290C3BBC00166906 /* Preview Assets.xcassets in Resources */ = {isa = PBXBuildFile; fileRef = 63E16C7E290C3BBC00166906 /* Preview Assets.xcassets */; };
		63E16C89290C3BBC00166906 /* SAFATests.swift in Sources */ = {isa = PBXBuildFile; fileRef = 63E16C88290C3BBC00166906 /* SAFATests.swift */; };
		63E16C93290C3BBC00166906 /* SAFAUITests.swift in Sources */ = {isa = PBXBuildFile; fileRef = 63E16C92290C3BBC00166906 /* SAFAUITests.swift */; };
		63E16C95290C3BBC00166906 /* SAFAUITestsLaunchTests.swift in Sources */ = {isa = PBXBuildFile; fileRef = 63E16C94290C3BBC00166906 /* SAFAUITestsLaunchTests.swift */; };
		63EC2651291D6B8400368E53 /* FormView.swift in Sources */ = {isa = PBXBuildFile; fileRef = 63EC2650291D6B8400368E53 /* FormView.swift */; };
/* End PBXBuildFile section */

/* Begin PBXContainerItemProxy section */
		63E16C85290C3BBC00166906 /* PBXContainerItemProxy */ = {
			isa = PBXContainerItemProxy;
			containerPortal = 63E16C6B290C3BB900166906 /* Project object */;
			proxyType = 1;
			remoteGlobalIDString = 63E16C72290C3BB900166906;
			remoteInfo = SAFA;
		};
		63E16C8F290C3BBC00166906 /* PBXContainerItemProxy */ = {
			isa = PBXContainerItemProxy;
			containerPortal = 63E16C6B290C3BB900166906 /* Project object */;
			proxyType = 1;
			remoteGlobalIDString = 63E16C72290C3BB900166906;
			remoteInfo = SAFA;
		};
/* End PBXContainerItemProxy section */

/* Begin PBXFileReference section */
		63279DDE290D697900814474 /* FormsView.swift */ = {isa = PBXFileReference; lastKnownFileType = sourcecode.swift; path = FormsView.swift; sourceTree = "<group>"; };
		63279DE0290D779C00814474 /* UploadButton.swift */ = {isa = PBXFileReference; lastKnownFileType = sourcecode.swift; path = UploadButton.swift; sourceTree = "<group>"; };
		63279DE2290D825000814474 /* FormData.swift */ = {isa = PBXFileReference; lastKnownFileType = sourcecode.swift; path = FormData.swift; sourceTree = "<group>"; };
		633133F32921B92200CEBB62 /* FormsStore.swift */ = {isa = PBXFileReference; lastKnownFileType = sourcecode.swift; path = FormsStore.swift; sourceTree = "<group>"; };
		633133F52921BEEC00CEBB62 /* FormCard.swift */ = {isa = PBXFileReference; lastKnownFileType = sourcecode.swift; path = FormCard.swift; sourceTree = "<group>"; };
		633133F72921D93B00CEBB62 /* Response.swift */ = {isa = PBXFileReference; lastKnownFileType = sourcecode.swift; path = Response.swift; sourceTree = "<group>"; };
		633133F92921E82A00CEBB62 /* FormQuestion.swift */ = {isa = PBXFileReference; lastKnownFileType = sourcecode.swift; path = FormQuestion.swift; sourceTree = "<group>"; };
		638B5368290ED2E0005AB8FD /* AcademyView.swift */ = {isa = PBXFileReference; lastKnownFileType = sourcecode.swift; path = AcademyView.swift; sourceTree = "<group>"; };
		63A367602910A0DD00B7515E /* ProfileView.swift */ = {isa = PBXFileReference; lastKnownFileType = sourcecode.swift; path = ProfileView.swift; sourceTree = "<group>"; };
		63B0F533292136B600E62554 /* ApplicationForm.swift */ = {isa = PBXFileReference; lastKnownFileType = sourcecode.swift; path = ApplicationForm.swift; sourceTree = "<group>"; };
		63E16C73290C3BB900166906 /* SAFA.app */ = {isa = PBXFileReference; explicitFileType = wrapper.application; includeInIndex = 0; path = SAFA.app; sourceTree = BUILT_PRODUCTS_DIR; };
		63E16C76290C3BB900166906 /* SAFAApp.swift */ = {isa = PBXFileReference; lastKnownFileType = sourcecode.swift; path = SAFAApp.swift; sourceTree = "<group>"; };
		63E16C78290C3BB900166906 /* ContentView.swift */ = {isa = PBXFileReference; lastKnownFileType = sourcecode.swift; path = ContentView.swift; sourceTree = "<group>"; };
		63E16C7A290C3BBC00166906 /* Assets.xcassets */ = {isa = PBXFileReference; lastKnownFileType = folder.assetcatalog; path = Assets.xcassets; sourceTree = "<group>"; };
		63E16C7C290C3BBC00166906 /* SAFA.entitlements */ = {isa = PBXFileReference; lastKnownFileType = text.plist.entitlements; path = SAFA.entitlements; sourceTree = "<group>"; };
		63E16C7E290C3BBC00166906 /* Preview Assets.xcassets */ = {isa = PBXFileReference; lastKnownFileType = folder.assetcatalog; path = "Preview Assets.xcassets"; sourceTree = "<group>"; };
		63E16C84290C3BBC00166906 /* SAFATests.xctest */ = {isa = PBXFileReference; explicitFileType = wrapper.cfbundle; includeInIndex = 0; path = SAFATests.xctest; sourceTree = BUILT_PRODUCTS_DIR; };
		63E16C88290C3BBC00166906 /* SAFATests.swift */ = {isa = PBXFileReference; lastKnownFileType = sourcecode.swift; path = SAFATests.swift; sourceTree = "<group>"; };
		63E16C8E290C3BBC00166906 /* SAFAUITests.xctest */ = {isa = PBXFileReference; explicitFileType = wrapper.cfbundle; includeInIndex = 0; path = SAFAUITests.xctest; sourceTree = BUILT_PRODUCTS_DIR; };
		63E16C92290C3BBC00166906 /* SAFAUITests.swift */ = {isa = PBXFileReference; lastKnownFileType = sourcecode.swift; path = SAFAUITests.swift; sourceTree = "<group>"; };
		63E16C94290C3BBC00166906 /* SAFAUITestsLaunchTests.swift */ = {isa = PBXFileReference; lastKnownFileType = sourcecode.swift; path = SAFAUITestsLaunchTests.swift; sourceTree = "<group>"; };
		63EC2650291D6B8400368E53 /* FormView.swift */ = {isa = PBXFileReference; lastKnownFileType = sourcecode.swift; path = FormView.swift; sourceTree = "<group>"; };
/* End PBXFileReference section */

/* Begin PBXFrameworksBuildPhase section */
		63E16C70290C3BB900166906 /* Frameworks */ = {
			isa = PBXFrameworksBuildPhase;
			buildActionMask = 2147483647;
			files = (
			);
			runOnlyForDeploymentPostprocessing = 0;
		};
		63E16C81290C3BBC00166906 /* Frameworks */ = {
			isa = PBXFrameworksBuildPhase;
			buildActionMask = 2147483647;
			files = (
			);
			runOnlyForDeploymentPostprocessing = 0;
		};
		63E16C8B290C3BBC00166906 /* Frameworks */ = {
			isa = PBXFrameworksBuildPhase;
			buildActionMask = 2147483647;
			files = (
			);
			runOnlyForDeploymentPostprocessing = 0;
		};
/* End PBXFrameworksBuildPhase section */

/* Begin PBXGroup section */
		63B0F5322921363700E62554 /* Models */ = {
			isa = PBXGroup;
			children = (
				63279DE2290D825000814474 /* FormData.swift */,
				63B0F533292136B600E62554 /* ApplicationForm.swift */,
				633133F32921B92200CEBB62 /* FormsStore.swift */,
				633133F72921D93B00CEBB62 /* Response.swift */,
			);
			path = Models;
			sourceTree = "<group>";
		};
		63E16C6A290C3BB900166906 = {
			isa = PBXGroup;
			children = (
				63E16C75290C3BB900166906 /* SAFA */,
				63E16C87290C3BBC00166906 /* SAFATests */,
				63E16C91290C3BBC00166906 /* SAFAUITests */,
				63E16C74290C3BB900166906 /* Products */,
			);
			sourceTree = "<group>";
		};
		63E16C74290C3BB900166906 /* Products */ = {
			isa = PBXGroup;
			children = (
				63E16C73290C3BB900166906 /* SAFA.app */,
				63E16C84290C3BBC00166906 /* SAFATests.xctest */,
				63E16C8E290C3BBC00166906 /* SAFAUITests.xctest */,
			);
			name = Products;
			sourceTree = "<group>";
		};
		63E16C75290C3BB900166906 /* SAFA */ = {
			isa = PBXGroup;
			children = (
				63B0F5322921363700E62554 /* Models */,
				63E16C76290C3BB900166906 /* SAFAApp.swift */,
				63E16C78290C3BB900166906 /* ContentView.swift */,
				63A367602910A0DD00B7515E /* ProfileView.swift */,
				638B5368290ED2E0005AB8FD /* AcademyView.swift */,
				63279DDE290D697900814474 /* FormsView.swift */,
				633133F52921BEEC00CEBB62 /* FormCard.swift */,
				63EC2650291D6B8400368E53 /* FormView.swift */,
				633133F92921E82A00CEBB62 /* FormQuestion.swift */,
				63279DE0290D779C00814474 /* UploadButton.swift */,
				63E16C7A290C3BBC00166906 /* Assets.xcassets */,
				63E16C7C290C3BBC00166906 /* SAFA.entitlements */,
				63E16C7D290C3BBC00166906 /* Preview Content */,
			);
			path = SAFA;
			sourceTree = "<group>";
		};
		63E16C7D290C3BBC00166906 /* Preview Content */ = {
			isa = PBXGroup;
			children = (
				63E16C7E290C3BBC00166906 /* Preview Assets.xcassets */,
			);
			path = "Preview Content";
			sourceTree = "<group>";
		};
		63E16C87290C3BBC00166906 /* SAFATests */ = {
			isa = PBXGroup;
			children = (
				63E16C88290C3BBC00166906 /* SAFATests.swift */,
			);
			path = SAFATests;
			sourceTree = "<group>";
		};
		63E16C91290C3BBC00166906 /* SAFAUITests */ = {
			isa = PBXGroup;
			children = (
				63E16C92290C3BBC00166906 /* SAFAUITests.swift */,
				63E16C94290C3BBC00166906 /* SAFAUITestsLaunchTests.swift */,
			);
			path = SAFAUITests;
			sourceTree = "<group>";
		};
/* End PBXGroup section */

/* Begin PBXNativeTarget section */
		63E16C72290C3BB900166906 /* SAFA */ = {
			isa = PBXNativeTarget;
			buildConfigurationList = 63E16C98290C3BBC00166906 /* Build configuration list for PBXNativeTarget "SAFA" */;
			buildPhases = (
				63E16C6F290C3BB900166906 /* Sources */,
				63E16C70290C3BB900166906 /* Frameworks */,
				63E16C71290C3BB900166906 /* Resources */,
			);
			buildRules = (
			);
			dependencies = (
			);
			name = SAFA;
			productName = SAFA;
			productReference = 63E16C73290C3BB900166906 /* SAFA.app */;
			productType = "com.apple.product-type.application";
		};
		63E16C83290C3BBC00166906 /* SAFATests */ = {
			isa = PBXNativeTarget;
			buildConfigurationList = 63E16C9B290C3BBC00166906 /* Build configuration list for PBXNativeTarget "SAFATests" */;
			buildPhases = (
				63E16C80290C3BBC00166906 /* Sources */,
				63E16C81290C3BBC00166906 /* Frameworks */,
				63E16C82290C3BBC00166906 /* Resources */,
			);
			buildRules = (
			);
			dependencies = (
				63E16C86290C3BBC00166906 /* PBXTargetDependency */,
			);
			name = SAFATests;
			productName = SAFATests;
			productReference = 63E16C84290C3BBC00166906 /* SAFATests.xctest */;
			productType = "com.apple.product-type.bundle.unit-test";
		};
		63E16C8D290C3BBC00166906 /* SAFAUITests */ = {
			isa = PBXNativeTarget;
			buildConfigurationList = 63E16C9E290C3BBC00166906 /* Build configuration list for PBXNativeTarget "SAFAUITests" */;
			buildPhases = (
				63E16C8A290C3BBC00166906 /* Sources */,
				63E16C8B290C3BBC00166906 /* Frameworks */,
				63E16C8C290C3BBC00166906 /* Resources */,
			);
			buildRules = (
			);
			dependencies = (
				63E16C90290C3BBC00166906 /* PBXTargetDependency */,
			);
			name = SAFAUITests;
			productName = SAFAUITests;
			productReference = 63E16C8E290C3BBC00166906 /* SAFAUITests.xctest */;
			productType = "com.apple.product-type.bundle.ui-testing";
		};
/* End PBXNativeTarget section */

/* Begin PBXProject section */
		63E16C6B290C3BB900166906 /* Project object */ = {
			isa = PBXProject;
			attributes = {
				BuildIndependentTargetsInParallel = 1;
				LastSwiftUpdateCheck = 1400;
				LastUpgradeCheck = 1410;
				TargetAttributes = {
					63E16C72290C3BB900166906 = {
						CreatedOnToolsVersion = 14.0.1;
					};
					63E16C83290C3BBC00166906 = {
						CreatedOnToolsVersion = 14.0.1;
						TestTargetID = 63E16C72290C3BB900166906;
					};
					63E16C8D290C3BBC00166906 = {
						CreatedOnToolsVersion = 14.0.1;
						TestTargetID = 63E16C72290C3BB900166906;
					};
				};
			};
			buildConfigurationList = 63E16C6E290C3BB900166906 /* Build configuration list for PBXProject "SAFA" */;
			compatibilityVersion = "Xcode 14.0";
			developmentRegion = en;
			hasScannedForEncodings = 0;
			knownRegions = (
				en,
				Base,
			);
			mainGroup = 63E16C6A290C3BB900166906;
			productRefGroup = 63E16C74290C3BB900166906 /* Products */;
			projectDirPath = "";
			projectRoot = "";
			targets = (
				63E16C72290C3BB900166906 /* SAFA */,
				63E16C83290C3BBC00166906 /* SAFATests */,
				63E16C8D290C3BBC00166906 /* SAFAUITests */,
			);
		};
/* End PBXProject section */

/* Begin PBXResourcesBuildPhase section */
		63E16C71290C3BB900166906 /* Resources */ = {
			isa = PBXResourcesBuildPhase;
			buildActionMask = 2147483647;
			files = (
				63E16C7F290C3BBC00166906 /* Preview Assets.xcassets in Resources */,
				63E16C7B290C3BBC00166906 /* Assets.xcassets in Resources */,
			);
			runOnlyForDeploymentPostprocessing = 0;
		};
		63E16C82290C3BBC00166906 /* Resources */ = {
			isa = PBXResourcesBuildPhase;
			buildActionMask = 2147483647;
			files = (
			);
			runOnlyForDeploymentPostprocessing = 0;
		};
		63E16C8C290C3BBC00166906 /* Resources */ = {
			isa = PBXResourcesBuildPhase;
			buildActionMask = 2147483647;
			files = (
			);
			runOnlyForDeploymentPostprocessing = 0;
		};
/* End PBXResourcesBuildPhase section */

/* Begin PBXSourcesBuildPhase section */
		63E16C6F290C3BB900166906 /* Sources */ = {
			isa = PBXSourcesBuildPhase;
			buildActionMask = 2147483647;
			files = (
				63EC2651291D6B8400368E53 /* FormView.swift in Sources */,
				63E16C79290C3BB900166906 /* ContentView.swift in Sources */,
				63279DDF290D697900814474 /* FormsView.swift in Sources */,
				63B0F534292136B600E62554 /* ApplicationForm.swift in Sources */,
				633133F82921D93B00CEBB62 /* Response.swift in Sources */,
				633133F62921BEEC00CEBB62 /* FormCard.swift in Sources */,
				63279DE1290D779C00814474 /* UploadButton.swift in Sources */,
				638B5369290ED2E0005AB8FD /* AcademyView.swift in Sources */,
				633133FA2921E82A00CEBB62 /* FormQuestion.swift in Sources */,
				63279DE3290D825000814474 /* FormData.swift in Sources */,
				633133F42921B92200CEBB62 /* FormsStore.swift in Sources */,
				63A367612910A0DD00B7515E /* ProfileView.swift in Sources */,
				63E16C77290C3BB900166906 /* SAFAApp.swift in Sources */,
			);
			runOnlyForDeploymentPostprocessing = 0;
		};
		63E16C80290C3BBC00166906 /* Sources */ = {
			isa = PBXSourcesBuildPhase;
			buildActionMask = 2147483647;
			files = (
				63E16C89290C3BBC00166906 /* SAFATests.swift in Sources */,
			);
			runOnlyForDeploymentPostprocessing = 0;
		};
		63E16C8A290C3BBC00166906 /* Sources */ = {
			isa = PBXSourcesBuildPhase;
			buildActionMask = 2147483647;
			files = (
				63E16C93290C3BBC00166906 /* SAFAUITests.swift in Sources */,
				63E16C95290C3BBC00166906 /* SAFAUITestsLaunchTests.swift in Sources */,
			);
			runOnlyForDeploymentPostprocessing = 0;
		};
/* End PBXSourcesBuildPhase section */

/* Begin PBXTargetDependency section */
		63E16C86290C3BBC00166906 /* PBXTargetDependency */ = {
			isa = PBXTargetDependency;
			target = 63E16C72290C3BB900166906 /* SAFA */;
			targetProxy = 63E16C85290C3BBC00166906 /* PBXContainerItemProxy */;
		};
		63E16C90290C3BBC00166906 /* PBXTargetDependency */ = {
			isa = PBXTargetDependency;
			target = 63E16C72290C3BB900166906 /* SAFA */;
			targetProxy = 63E16C8F290C3BBC00166906 /* PBXContainerItemProxy */;
		};
/* End PBXTargetDependency section */

/* Begin XCBuildConfiguration section */
		63E16C96290C3BBC00166906 /* Debug */ = {
			isa = XCBuildConfiguration;
			buildSettings = {
				ALWAYS_SEARCH_USER_PATHS = NO;
				CLANG_ANALYZER_NONNULL = YES;
				CLANG_ANALYZER_NUMBER_OBJECT_CONVERSION = YES_AGGRESSIVE;
				CLANG_CXX_LANGUAGE_STANDARD = "gnu++20";
				CLANG_ENABLE_MODULES = YES;
				CLANG_ENABLE_OBJC_ARC = YES;
				CLANG_ENABLE_OBJC_WEAK = YES;
				CLANG_WARN_BLOCK_CAPTURE_AUTORELEASING = YES;
				CLANG_WARN_BOOL_CONVERSION = YES;
				CLANG_WARN_COMMA = YES;
				CLANG_WARN_CONSTANT_CONVERSION = YES;
				CLANG_WARN_DEPRECATED_OBJC_IMPLEMENTATIONS = YES;
				CLANG_WARN_DIRECT_OBJC_ISA_USAGE = YES_ERROR;
				CLANG_WARN_DOCUMENTATION_COMMENTS = YES;
				CLANG_WARN_EMPTY_BODY = YES;
				CLANG_WARN_ENUM_CONVERSION = YES;
				CLANG_WARN_INFINITE_RECURSION = YES;
				CLANG_WARN_INT_CONVERSION = YES;
				CLANG_WARN_NON_LITERAL_NULL_CONVERSION = YES;
				CLANG_WARN_OBJC_IMPLICIT_RETAIN_SELF = YES;
				CLANG_WARN_OBJC_LITERAL_CONVERSION = YES;
				CLANG_WARN_OBJC_ROOT_CLASS = YES_ERROR;
				CLANG_WARN_QUOTED_INCLUDE_IN_FRAMEWORK_HEADER = YES;
				CLANG_WARN_RANGE_LOOP_ANALYSIS = YES;
				CLANG_WARN_STRICT_PROTOTYPES = YES;
				CLANG_WARN_SUSPICIOUS_MOVE = YES;
				CLANG_WARN_UNGUARDED_AVAILABILITY = YES_AGGRESSIVE;
				CLANG_WARN_UNREACHABLE_CODE = YES;
				CLANG_WARN__DUPLICATE_METHOD_MATCH = YES;
				COPY_PHASE_STRIP = NO;
				DEAD_CODE_STRIPPING = YES;
				DEBUG_INFORMATION_FORMAT = dwarf;
				ENABLE_STRICT_OBJC_MSGSEND = YES;
				ENABLE_TESTABILITY = YES;
				GCC_C_LANGUAGE_STANDARD = gnu11;
				GCC_DYNAMIC_NO_PIC = NO;
				GCC_NO_COMMON_BLOCKS = YES;
				GCC_OPTIMIZATION_LEVEL = 0;
				GCC_PREPROCESSOR_DEFINITIONS = (
					"DEBUG=1",
					"$(inherited)",
				);
				GCC_WARN_64_TO_32_BIT_CONVERSION = YES;
				GCC_WARN_ABOUT_RETURN_TYPE = YES_ERROR;
				GCC_WARN_UNDECLARED_SELECTOR = YES;
				GCC_WARN_UNINITIALIZED_AUTOS = YES_AGGRESSIVE;
				GCC_WARN_UNUSED_FUNCTION = YES;
				GCC_WARN_UNUSED_VARIABLE = YES;
				MTL_ENABLE_DEBUG_INFO = INCLUDE_SOURCE;
				MTL_FAST_MATH = YES;
				ONLY_ACTIVE_ARCH = YES;
				SWIFT_ACTIVE_COMPILATION_CONDITIONS = DEBUG;
				SWIFT_OPTIMIZATION_LEVEL = "-Onone";
			};
			name = Debug;
		};
		63E16C97290C3BBC00166906 /* Release */ = {
			isa = XCBuildConfiguration;
			buildSettings = {
				ALWAYS_SEARCH_USER_PATHS = NO;
				CLANG_ANALYZER_NONNULL = YES;
				CLANG_ANALYZER_NUMBER_OBJECT_CONVERSION = YES_AGGRESSIVE;
				CLANG_CXX_LANGUAGE_STANDARD = "gnu++20";
				CLANG_ENABLE_MODULES = YES;
				CLANG_ENABLE_OBJC_ARC = YES;
				CLANG_ENABLE_OBJC_WEAK = YES;
				CLANG_WARN_BLOCK_CAPTURE_AUTORELEASING = YES;
				CLANG_WARN_BOOL_CONVERSION = YES;
				CLANG_WARN_COMMA = YES;
				CLANG_WARN_CONSTANT_CONVERSION = YES;
				CLANG_WARN_DEPRECATED_OBJC_IMPLEMENTATIONS = YES;
				CLANG_WARN_DIRECT_OBJC_ISA_USAGE = YES_ERROR;
				CLANG_WARN_DOCUMENTATION_COMMENTS = YES;
				CLANG_WARN_EMPTY_BODY = YES;
				CLANG_WARN_ENUM_CONVERSION = YES;
				CLANG_WARN_INFINITE_RECURSION = YES;
				CLANG_WARN_INT_CONVERSION = YES;
				CLANG_WARN_NON_LITERAL_NULL_CONVERSION = YES;
				CLANG_WARN_OBJC_IMPLICIT_RETAIN_SELF = YES;
				CLANG_WARN_OBJC_LITERAL_CONVERSION = YES;
				CLANG_WARN_OBJC_ROOT_CLASS = YES_ERROR;
				CLANG_WARN_QUOTED_INCLUDE_IN_FRAMEWORK_HEADER = YES;
				CLANG_WARN_RANGE_LOOP_ANALYSIS = YES;
				CLANG_WARN_STRICT_PROTOTYPES = YES;
				CLANG_WARN_SUSPICIOUS_MOVE = YES;
				CLANG_WARN_UNGUARDED_AVAILABILITY = YES_AGGRESSIVE;
				CLANG_WARN_UNREACHABLE_CODE = YES;
				CLANG_WARN__DUPLICATE_METHOD_MATCH = YES;
				COPY_PHASE_STRIP = NO;
				DEAD_CODE_STRIPPING = YES;
				DEBUG_INFORMATION_FORMAT = "dwarf-with-dsym";
				ENABLE_NS_ASSERTIONS = NO;
				ENABLE_STRICT_OBJC_MSGSEND = YES;
				GCC_C_LANGUAGE_STANDARD = gnu11;
				GCC_NO_COMMON_BLOCKS = YES;
				GCC_WARN_64_TO_32_BIT_CONVERSION = YES;
				GCC_WARN_ABOUT_RETURN_TYPE = YES_ERROR;
				GCC_WARN_UNDECLARED_SELECTOR = YES;
				GCC_WARN_UNINITIALIZED_AUTOS = YES_AGGRESSIVE;
				GCC_WARN_UNUSED_FUNCTION = YES;
				GCC_WARN_UNUSED_VARIABLE = YES;
				MTL_ENABLE_DEBUG_INFO = NO;
				MTL_FAST_MATH = YES;
				SWIFT_COMPILATION_MODE = wholemodule;
				SWIFT_OPTIMIZATION_LEVEL = "-O";
			};
			name = Release;
		};
		63E16C99290C3BBC00166906 /* Debug */ = {
			isa = XCBuildConfiguration;
			buildSettings = {
				ASSETCATALOG_COMPILER_APPICON_NAME = AppIcon;
				ASSETCATALOG_COMPILER_GLOBAL_ACCENT_COLOR_NAME = AccentColor;
				CODE_SIGN_ENTITLEMENTS = SAFA/SAFA.entitlements;
				CODE_SIGN_IDENTITY = "-";
				CODE_SIGN_STYLE = Automatic;
				CURRENT_PROJECT_VERSION = 1;
				DEAD_CODE_STRIPPING = YES;
				DEVELOPMENT_ASSET_PATHS = "\"SAFA/Preview Content\"";
				ENABLE_PREVIEWS = YES;
				GENERATE_INFOPLIST_FILE = YES;
				"INFOPLIST_KEY_UIApplicationSceneManifest_Generation[sdk=iphoneos*]" = YES;
				"INFOPLIST_KEY_UIApplicationSceneManifest_Generation[sdk=iphonesimulator*]" = YES;
				"INFOPLIST_KEY_UIApplicationSupportsIndirectInputEvents[sdk=iphoneos*]" = YES;
				"INFOPLIST_KEY_UIApplicationSupportsIndirectInputEvents[sdk=iphonesimulator*]" = YES;
				"INFOPLIST_KEY_UILaunchScreen_Generation[sdk=iphoneos*]" = YES;
				"INFOPLIST_KEY_UILaunchScreen_Generation[sdk=iphonesimulator*]" = YES;
				"INFOPLIST_KEY_UIStatusBarStyle[sdk=iphoneos*]" = UIStatusBarStyleDefault;
				"INFOPLIST_KEY_UIStatusBarStyle[sdk=iphonesimulator*]" = UIStatusBarStyleDefault;
				INFOPLIST_KEY_UISupportedInterfaceOrientations_iPad = "UIInterfaceOrientationPortrait UIInterfaceOrientationPortraitUpsideDown UIInterfaceOrientationLandscapeLeft UIInterfaceOrientationLandscapeRight";
				INFOPLIST_KEY_UISupportedInterfaceOrientations_iPhone = "UIInterfaceOrientationPortrait UIInterfaceOrientationLandscapeLeft UIInterfaceOrientationLandscapeRight";
				IPHONEOS_DEPLOYMENT_TARGET = 16.0;
				LD_RUNPATH_SEARCH_PATHS = "@executable_path/Frameworks";
				"LD_RUNPATH_SEARCH_PATHS[sdk=macosx*]" = "@executable_path/../Frameworks";
				MACOSX_DEPLOYMENT_TARGET = 12.3;
				MARKETING_VERSION = 1.0;
				PRODUCT_BUNDLE_IDENTIFIER = com.safa.SAFA;
				PRODUCT_NAME = "$(TARGET_NAME)";
				SDKROOT = auto;
				SUPPORTED_PLATFORMS = "iphoneos iphonesimulator macosx";
				SWIFT_EMIT_LOC_STRINGS = YES;
				SWIFT_VERSION = 5.0;
				TARGETED_DEVICE_FAMILY = "1,2";
			};
			name = Debug;
		};
		63E16C9A290C3BBC00166906 /* Release */ = {
			isa = XCBuildConfiguration;
			buildSettings = {
				ASSETCATALOG_COMPILER_APPICON_NAME = AppIcon;
				ASSETCATALOG_COMPILER_GLOBAL_ACCENT_COLOR_NAME = AccentColor;
				CODE_SIGN_ENTITLEMENTS = SAFA/SAFA.entitlements;
				CODE_SIGN_IDENTITY = "-";
				CODE_SIGN_STYLE = Automatic;
				CURRENT_PROJECT_VERSION = 1;
				DEAD_CODE_STRIPPING = YES;
				DEVELOPMENT_ASSET_PATHS = "\"SAFA/Preview Content\"";
				ENABLE_PREVIEWS = YES;
				GENERATE_INFOPLIST_FILE = YES;
				"INFOPLIST_KEY_UIApplicationSceneManifest_Generation[sdk=iphoneos*]" = YES;
				"INFOPLIST_KEY_UIApplicationSceneManifest_Generation[sdk=iphonesimulator*]" = YES;
				"INFOPLIST_KEY_UIApplicationSupportsIndirectInputEvents[sdk=iphoneos*]" = YES;
				"INFOPLIST_KEY_UIApplicationSupportsIndirectInputEvents[sdk=iphonesimulator*]" = YES;
				"INFOPLIST_KEY_UILaunchScreen_Generation[sdk=iphoneos*]" = YES;
				"INFOPLIST_KEY_UILaunchScreen_Generation[sdk=iphonesimulator*]" = YES;
				"INFOPLIST_KEY_UIStatusBarStyle[sdk=iphoneos*]" = UIStatusBarStyleDefault;
				"INFOPLIST_KEY_UIStatusBarStyle[sdk=iphonesimulator*]" = UIStatusBarStyleDefault;
				INFOPLIST_KEY_UISupportedInterfaceOrientations_iPad = "UIInterfaceOrientationPortrait UIInterfaceOrientationPortraitUpsideDown UIInterfaceOrientationLandscapeLeft UIInterfaceOrientationLandscapeRight";
				INFOPLIST_KEY_UISupportedInterfaceOrientations_iPhone = "UIInterfaceOrientationPortrait UIInterfaceOrientationLandscapeLeft UIInterfaceOrientationLandscapeRight";
				IPHONEOS_DEPLOYMENT_TARGET = 16.0;
				LD_RUNPATH_SEARCH_PATHS = "@executable_path/Frameworks";
				"LD_RUNPATH_SEARCH_PATHS[sdk=macosx*]" = "@executable_path/../Frameworks";
				MACOSX_DEPLOYMENT_TARGET = 12.3;
				MARKETING_VERSION = 1.0;
				PRODUCT_BUNDLE_IDENTIFIER = com.safa.SAFA;
				PRODUCT_NAME = "$(TARGET_NAME)";
				SDKROOT = auto;
				SUPPORTED_PLATFORMS = "iphoneos iphonesimulator macosx";
				SWIFT_EMIT_LOC_STRINGS = YES;
				SWIFT_VERSION = 5.0;
				TARGETED_DEVICE_FAMILY = "1,2";
			};
			name = Release;
		};
		63E16C9C290C3BBC00166906 /* Debug */ = {
			isa = XCBuildConfiguration;
			buildSettings = {
				ALWAYS_EMBED_SWIFT_STANDARD_LIBRARIES = YES;
				BUNDLE_LOADER = "$(TEST_HOST)";
				CODE_SIGN_STYLE = Automatic;
				CURRENT_PROJECT_VERSION = 1;
				DEAD_CODE_STRIPPING = YES;
				GENERATE_INFOPLIST_FILE = YES;
				IPHONEOS_DEPLOYMENT_TARGET = 16.0;
				MACOSX_DEPLOYMENT_TARGET = 12.3;
				MARKETING_VERSION = 1.0;
				PRODUCT_BUNDLE_IDENTIFIER = com.safa.SAFATests;
				PRODUCT_NAME = "$(TARGET_NAME)";
				SDKROOT = auto;
				SUPPORTED_PLATFORMS = "iphoneos iphonesimulator macosx";
				SWIFT_EMIT_LOC_STRINGS = NO;
				SWIFT_VERSION = 5.0;
				TARGETED_DEVICE_FAMILY = "1,2";
				TEST_HOST = "$(BUILT_PRODUCTS_DIR)/SAFA.app/$(BUNDLE_EXECUTABLE_FOLDER_PATH)/SAFA";
			};
			name = Debug;
		};
		63E16C9D290C3BBC00166906 /* Release */ = {
			isa = XCBuildConfiguration;
			buildSettings = {
				ALWAYS_EMBED_SWIFT_STANDARD_LIBRARIES = YES;
				BUNDLE_LOADER = "$(TEST_HOST)";
				CODE_SIGN_STYLE = Automatic;
				CURRENT_PROJECT_VERSION = 1;
				DEAD_CODE_STRIPPING = YES;
				GENERATE_INFOPLIST_FILE = YES;
				IPHONEOS_DEPLOYMENT_TARGET = 16.0;
				MACOSX_DEPLOYMENT_TARGET = 12.3;
				MARKETING_VERSION = 1.0;
				PRODUCT_BUNDLE_IDENTIFIER = com.safa.SAFATests;
				PRODUCT_NAME = "$(TARGET_NAME)";
				SDKROOT = auto;
				SUPPORTED_PLATFORMS = "iphoneos iphonesimulator macosx";
				SWIFT_EMIT_LOC_STRINGS = NO;
				SWIFT_VERSION = 5.0;
				TARGETED_DEVICE_FAMILY = "1,2";
				TEST_HOST = "$(BUILT_PRODUCTS_DIR)/SAFA.app/$(BUNDLE_EXECUTABLE_FOLDER_PATH)/SAFA";
			};
			name = Release;
		};
		63E16C9F290C3BBC00166906 /* Debug */ = {
			isa = XCBuildConfiguration;
			buildSettings = {
				ALWAYS_EMBED_SWIFT_STANDARD_LIBRARIES = YES;
				CODE_SIGN_STYLE = Automatic;
				CURRENT_PROJECT_VERSION = 1;
				DEAD_CODE_STRIPPING = YES;
				GENERATE_INFOPLIST_FILE = YES;
				IPHONEOS_DEPLOYMENT_TARGET = 16.0;
				MACOSX_DEPLOYMENT_TARGET = 12.3;
				MARKETING_VERSION = 1.0;
				PRODUCT_BUNDLE_IDENTIFIER = com.safa.SAFAUITests;
				PRODUCT_NAME = "$(TARGET_NAME)";
				SDKROOT = auto;
				SUPPORTED_PLATFORMS = "iphoneos iphonesimulator macosx";
				SWIFT_EMIT_LOC_STRINGS = NO;
				SWIFT_VERSION = 5.0;
				TARGETED_DEVICE_FAMILY = "1,2";
				TEST_TARGET_NAME = SAFA;
			};
			name = Debug;
		};
		63E16CA0290C3BBC00166906 /* Release */ = {
			isa = XCBuildConfiguration;
			buildSettings = {
				ALWAYS_EMBED_SWIFT_STANDARD_LIBRARIES = YES;
				CODE_SIGN_STYLE = Automatic;
				CURRENT_PROJECT_VERSION = 1;
				DEAD_CODE_STRIPPING = YES;
				GENERATE_INFOPLIST_FILE = YES;
				IPHONEOS_DEPLOYMENT_TARGET = 16.0;
				MACOSX_DEPLOYMENT_TARGET = 12.3;
				MARKETING_VERSION = 1.0;
				PRODUCT_BUNDLE_IDENTIFIER = com.safa.SAFAUITests;
				PRODUCT_NAME = "$(TARGET_NAME)";
				SDKROOT = auto;
				SUPPORTED_PLATFORMS = "iphoneos iphonesimulator macosx";
				SWIFT_EMIT_LOC_STRINGS = NO;
				SWIFT_VERSION = 5.0;
				TARGETED_DEVICE_FAMILY = "1,2";
				TEST_TARGET_NAME = SAFA;
			};
			name = Release;
		};
/* End XCBuildConfiguration section */

/* Begin XCConfigurationList section */
		63E16C6E290C3BB900166906 /* Build configuration list for PBXProject "SAFA" */ = {
			isa = XCConfigurationList;
			buildConfigurations = (
				63E16C96290C3BBC00166906 /* Debug */,
				63E16C97290C3BBC00166906 /* Release */,
			);
			defaultConfigurationIsVisible = 0;
			defaultConfigurationName = Release;
		};
		63E16C98290C3BBC00166906 /* Build configuration list for PBXNativeTarget "SAFA" */ = {
			isa = XCConfigurationList;
			buildConfigurations = (
				63E16C99290C3BBC00166906 /* Debug */,
				63E16C9A290C3BBC00166906 /* Release */,
			);
			defaultConfigurationIsVisible = 0;
			defaultConfigurationName = Release;
		};
		63E16C9B290C3BBC00166906 /* Build configuration list for PBXNativeTarget "SAFATests" */ = {
			isa = XCConfigurationList;
			buildConfigurations = (
				63E16C9C290C3BBC00166906 /* Debug */,
				63E16C9D290C3BBC00166906 /* Release */,
			);
			defaultConfigurationIsVisible = 0;
			defaultConfigurationName = Release;
		};
		63E16C9E290C3BBC00166906 /* Build configuration list for PBXNativeTarget "SAFAUITests" */ = {
			isa = XCConfigurationList;
			buildConfigurations = (
				63E16C9F290C3BBC00166906 /* Debug */,
				63E16CA0290C3BBC00166906 /* Release */,
			);
			defaultConfigurationIsVisible = 0;
			defaultConfigurationName = Release;
		};
/* End XCConfigurationList section */
	};
	rootObject = 63E16C6B290C3BB900166906 /* Project object */;
}
