// !$*UTF8*$!
{
	archiveVersion = 1;
	classes = {
	};
	objectVersion = 56;
	objects = {

/* Begin PBXBuildFile section */
		6311E06D2A394B320074A94E /* Profile.swift in Sources */ = {isa = PBXBuildFile; fileRef = 6311E06C2A394B320074A94E /* Profile.swift */; };
		631414C82A454374008AE84D /* FormProgress.swift in Sources */ = {isa = PBXBuildFile; fileRef = 631414C72A454374008AE84D /* FormProgress.swift */; };
		631414CA2A454F40008AE84D /* FormButtons.swift in Sources */ = {isa = PBXBuildFile; fileRef = 631414C92A454F40008AE84D /* FormButtons.swift */; };
		63279DDF290D697900814474 /* FormsView.swift in Sources */ = {isa = PBXBuildFile; fileRef = 63279DDE290D697900814474 /* FormsView.swift */; };
		63279DE1290D779C00814474 /* UploadButton.swift in Sources */ = {isa = PBXBuildFile; fileRef = 63279DE0290D779C00814474 /* UploadButton.swift */; };
		63279DE3290D825000814474 /* FormData.swift in Sources */ = {isa = PBXBuildFile; fileRef = 63279DE2290D825000814474 /* FormData.swift */; };
		633133F42921B92200CEBB62 /* FormsStore.swift in Sources */ = {isa = PBXBuildFile; fileRef = 633133F32921B92200CEBB62 /* FormsStore.swift */; };
		633133F62921BEEC00CEBB62 /* FormCard.swift in Sources */ = {isa = PBXBuildFile; fileRef = 633133F52921BEEC00CEBB62 /* FormCard.swift */; };
		633133F82921D93B00CEBB62 /* Response.swift in Sources */ = {isa = PBXBuildFile; fileRef = 633133F72921D93B00CEBB62 /* Response.swift */; };
		633133FA2921E82A00CEBB62 /* FormQuestion.swift in Sources */ = {isa = PBXBuildFile; fileRef = 633133F92921E82A00CEBB62 /* FormQuestion.swift */; };
		6337CB312A3A1C6E00D364CA /* ProfileStore.swift in Sources */ = {isa = PBXBuildFile; fileRef = 6337CB302A3A1C6E00D364CA /* ProfileStore.swift */; };
		635EACBF2A4BC0770045D3F1 /* AppBar.swift in Sources */ = {isa = PBXBuildFile; fileRef = 635EACBE2A4BC0770045D3F1 /* AppBar.swift */; };
		638B5369290ED2E0005AB8FD /* AcademiesView.swift in Sources */ = {isa = PBXBuildFile; fileRef = 638B5368290ED2E0005AB8FD /* AcademiesView.swift */; };
		63A367612910A0DD00B7515E /* ProfileView.swift in Sources */ = {isa = PBXBuildFile; fileRef = 63A367602910A0DD00B7515E /* ProfileView.swift */; };
		63AAABBC2A38D7100007437C /* IntInput.swift in Sources */ = {isa = PBXBuildFile; fileRef = 63AAABBB2A38D7100007437C /* IntInput.swift */; };
		63AAABBE2A38D7290007437C /* DateInput.swift in Sources */ = {isa = PBXBuildFile; fileRef = 63AAABBD2A38D7290007437C /* DateInput.swift */; };
		63AAABC02A38D7530007437C /* MenuInput.swift in Sources */ = {isa = PBXBuildFile; fileRef = 63AAABBF2A38D7530007437C /* MenuInput.swift */; };
		63AAABC22A38D76D0007437C /* ShortInput.swift in Sources */ = {isa = PBXBuildFile; fileRef = 63AAABC12A38D76D0007437C /* ShortInput.swift */; };
		63AAABC42A38D7830007437C /* LongInput.swift in Sources */ = {isa = PBXBuildFile; fileRef = 63AAABC32A38D7830007437C /* LongInput.swift */; };
		63AAABC62A38D7940007437C /* ImageInput.swift in Sources */ = {isa = PBXBuildFile; fileRef = 63AAABC52A38D7940007437C /* ImageInput.swift */; };
		63AAABC82A38D7A30007437C /* VideoInput.swift in Sources */ = {isa = PBXBuildFile; fileRef = 63AAABC72A38D7A30007437C /* VideoInput.swift */; };
		63AAABCA2A38D7CA0007437C /* FileInput.swift in Sources */ = {isa = PBXBuildFile; fileRef = 63AAABC92A38D7CA0007437C /* FileInput.swift */; };
		63B0F534292136B600E62554 /* ApplicationForm.swift in Sources */ = {isa = PBXBuildFile; fileRef = 63B0F533292136B600E62554 /* ApplicationForm.swift */; };
		63B2FE122A574C7500EBBF26 /* SignUpView.swift in Sources */ = {isa = PBXBuildFile; fileRef = 63B2FE112A574C7500EBBF26 /* SignUpView.swift */; };
		63B2FE142A574F8E00EBBF26 /* SignUpEmailView.swift in Sources */ = {isa = PBXBuildFile; fileRef = 63B2FE132A574F8E00EBBF26 /* SignUpEmailView.swift */; };
		63CA0AF22A62098000DEA17C /* FormFieldInfo.swift in Sources */ = {isa = PBXBuildFile; fileRef = 63CA0AF12A62098000DEA17C /* FormFieldInfo.swift */; };
		63CA0AF42A62113D00DEA17C /* AuthenticationManager.swift in Sources */ = {isa = PBXBuildFile; fileRef = 63CA0AF32A62113D00DEA17C /* AuthenticationManager.swift */; };
		63D643F62A41496E00043A24 /* IntStack.swift in Sources */ = {isa = PBXBuildFile; fileRef = 63D643F52A41496E00043A24 /* IntStack.swift */; };
		63E16C77290C3BB900166906 /* SAFAApp.swift in Sources */ = {isa = PBXBuildFile; fileRef = 63E16C76290C3BB900166906 /* SAFAApp.swift */; };
		63E16C79290C3BB900166906 /* RootView.swift in Sources */ = {isa = PBXBuildFile; fileRef = 63E16C78290C3BB900166906 /* RootView.swift */; };
		63E16C7B290C3BBC00166906 /* Assets.xcassets in Resources */ = {isa = PBXBuildFile; fileRef = 63E16C7A290C3BBC00166906 /* Assets.xcassets */; };
		63E16C7F290C3BBC00166906 /* Preview Assets.xcassets in Resources */ = {isa = PBXBuildFile; fileRef = 63E16C7E290C3BBC00166906 /* Preview Assets.xcassets */; };
		63E16C89290C3BBC00166906 /* SAFATests.swift in Sources */ = {isa = PBXBuildFile; fileRef = 63E16C88290C3BBC00166906 /* SAFATests.swift */; };
		63E16C93290C3BBC00166906 /* SAFAUITests.swift in Sources */ = {isa = PBXBuildFile; fileRef = 63E16C92290C3BBC00166906 /* SAFAUITests.swift */; };
		63E16C95290C3BBC00166906 /* SAFAUITestsLaunchTests.swift in Sources */ = {isa = PBXBuildFile; fileRef = 63E16C94290C3BBC00166906 /* SAFAUITestsLaunchTests.swift */; };
		63E673EB2922A25C0055E9C7 /* Academy.swift in Sources */ = {isa = PBXBuildFile; fileRef = 63E673EA2922A25C0055E9C7 /* Academy.swift */; };
		63E673ED2922AC8B0055E9C7 /* AcademiesStore.swift in Sources */ = {isa = PBXBuildFile; fileRef = 63E673EC2922AC8B0055E9C7 /* AcademiesStore.swift */; };
		63E673EF2922ADA90055E9C7 /* AcademyCard.swift in Sources */ = {isa = PBXBuildFile; fileRef = 63E673EE2922ADA90055E9C7 /* AcademyCard.swift */; };
		63E673F12922AE5D0055E9C7 /* AcademyDetail.swift in Sources */ = {isa = PBXBuildFile; fileRef = 63E673F02922AE5D0055E9C7 /* AcademyDetail.swift */; };
		63EC2651291D6B8400368E53 /* FormView.swift in Sources */ = {isa = PBXBuildFile; fileRef = 63EC2650291D6B8400368E53 /* FormView.swift */; };
		63F522492A562607007403FB /* FirebaseAnalytics in Frameworks */ = {isa = PBXBuildFile; productRef = 63F522482A562607007403FB /* FirebaseAnalytics */; };
		63F5224B2A562607007403FB /* FirebaseAnalyticsSwift in Frameworks */ = {isa = PBXBuildFile; productRef = 63F5224A2A562607007403FB /* FirebaseAnalyticsSwift */; };
		63F5224D2A562607007403FB /* FirebaseAuth in Frameworks */ = {isa = PBXBuildFile; productRef = 63F5224C2A562607007403FB /* FirebaseAuth */; };
		63F9E1D92A3D0D7C00D66655 /* SectionWrapper.swift in Sources */ = {isa = PBXBuildFile; fileRef = 63F9E1D82A3D0D7C00D66655 /* SectionWrapper.swift */; };
		921D8B7C2AD213E300E81023 /* SignInEmailView.swift in Sources */ = {isa = PBXBuildFile; fileRef = 921D8B7B2AD213E300E81023 /* SignInEmailView.swift */; };
		924B84252AA26A0D00DD10B2 /* SettingsView.swift in Sources */ = {isa = PBXBuildFile; fileRef = 924B84242AA26A0D00DD10B2 /* SettingsView.swift */; };
		92553F042AD4AA140087307B /* AdditionalInfoView.swift in Sources */ = {isa = PBXBuildFile; fileRef = 92553F032AD4AA130087307B /* AdditionalInfoView.swift */; };
		92C09AFF2AD2F8000053379C /* ResetPasswordView.swift in Sources */ = {isa = PBXBuildFile; fileRef = 92C09AFE2AD2F8000053379C /* ResetPasswordView.swift */; };
		92C09B022AD3923E0053379C /* GoogleSignIn in Frameworks */ = {isa = PBXBuildFile; productRef = 92C09B012AD3923E0053379C /* GoogleSignIn */; };
		92C09B042AD3923E0053379C /* GoogleSignInSwift in Frameworks */ = {isa = PBXBuildFile; productRef = 92C09B032AD3923E0053379C /* GoogleSignInSwift */; };
		92C09B092AD42F3C0053379C /* GoogleService-Info.plist in Resources */ = {isa = PBXBuildFile; fileRef = 92C09B082AD42F3C0053379C /* GoogleService-Info.plist */; };
		92C09B102AD470850053379C /* FirebaseFirestore in Frameworks */ = {isa = PBXBuildFile; productRef = 92C09B0F2AD470850053379C /* FirebaseFirestore */; };
		92C09B122AD470850053379C /* FirebaseFirestoreSwift in Frameworks */ = {isa = PBXBuildFile; productRef = 92C09B112AD470850053379C /* FirebaseFirestoreSwift */; };
		92C09B152AD49A2E0053379C /* UserManager.swift in Sources */ = {isa = PBXBuildFile; fileRef = 92C09B142AD49A2E0053379C /* UserManager.swift */; };
		92C09B182AD4A1090053379C /* SignUpEmailViewModel.swift in Sources */ = {isa = PBXBuildFile; fileRef = 92C09B172AD4A1090053379C /* SignUpEmailViewModel.swift */; };
		92C09B1C2AD4A3820053379C /* AgeInput.swift in Sources */ = {isa = PBXBuildFile; fileRef = 92C09B1B2AD4A3820053379C /* AgeInput.swift */; };
		92C09B1E2AD4A3FC0053379C /* NameAndAddressInput.swift in Sources */ = {isa = PBXBuildFile; fileRef = 92C09B1D2AD4A3FC0053379C /* NameAndAddressInput.swift */; };
/* End PBXBuildFile section */

/* Begin PBXContainerItemProxy section */
		63E16C85290C3BBC00166906 /* PBXContainerItemProxy */ = {
			isa = PBXContainerItemProxy;
			containerPortal = 63E16C6B290C3BB900166906 /* Project object */;
			proxyType = 1;
			remoteGlobalIDString = 63E16C72290C3BB900166906;
			remoteInfo = SAFA;
		};
		63E16C8F290C3BBC00166906 /* PBXContainerItemProxy */ = {
			isa = PBXContainerItemProxy;
			containerPortal = 63E16C6B290C3BB900166906 /* Project object */;
			proxyType = 1;
			remoteGlobalIDString = 63E16C72290C3BB900166906;
			remoteInfo = SAFA;
		};
/* End PBXContainerItemProxy section */

/* Begin PBXFileReference section */
		6311E06C2A394B320074A94E /* Profile.swift */ = {isa = PBXFileReference; lastKnownFileType = sourcecode.swift; path = Profile.swift; sourceTree = "<group>"; };
		631414C72A454374008AE84D /* FormProgress.swift */ = {isa = PBXFileReference; lastKnownFileType = sourcecode.swift; path = FormProgress.swift; sourceTree = "<group>"; };
		631414C92A454F40008AE84D /* FormButtons.swift */ = {isa = PBXFileReference; lastKnownFileType = sourcecode.swift; path = FormButtons.swift; sourceTree = "<group>"; };
		63279DDE290D697900814474 /* FormsView.swift */ = {isa = PBXFileReference; lastKnownFileType = sourcecode.swift; path = FormsView.swift; sourceTree = "<group>"; };
		63279DE0290D779C00814474 /* UploadButton.swift */ = {isa = PBXFileReference; lastKnownFileType = sourcecode.swift; path = UploadButton.swift; sourceTree = "<group>"; };
		63279DE2290D825000814474 /* FormData.swift */ = {isa = PBXFileReference; lastKnownFileType = sourcecode.swift; path = FormData.swift; sourceTree = "<group>"; };
		633133F32921B92200CEBB62 /* FormsStore.swift */ = {isa = PBXFileReference; lastKnownFileType = sourcecode.swift; path = FormsStore.swift; sourceTree = "<group>"; };
		633133F52921BEEC00CEBB62 /* FormCard.swift */ = {isa = PBXFileReference; lastKnownFileType = sourcecode.swift; path = FormCard.swift; sourceTree = "<group>"; };
		633133F72921D93B00CEBB62 /* Response.swift */ = {isa = PBXFileReference; lastKnownFileType = sourcecode.swift; path = Response.swift; sourceTree = "<group>"; };
		633133F92921E82A00CEBB62 /* FormQuestion.swift */ = {isa = PBXFileReference; lastKnownFileType = sourcecode.swift; path = FormQuestion.swift; sourceTree = "<group>"; };
		6337CB302A3A1C6E00D364CA /* ProfileStore.swift */ = {isa = PBXFileReference; lastKnownFileType = sourcecode.swift; path = ProfileStore.swift; sourceTree = "<group>"; };
		635EACBE2A4BC0770045D3F1 /* AppBar.swift */ = {isa = PBXFileReference; lastKnownFileType = sourcecode.swift; path = AppBar.swift; sourceTree = "<group>"; };
		638B5368290ED2E0005AB8FD /* AcademiesView.swift */ = {isa = PBXFileReference; lastKnownFileType = sourcecode.swift; path = AcademiesView.swift; sourceTree = "<group>"; };
		63A367602910A0DD00B7515E /* ProfileView.swift */ = {isa = PBXFileReference; lastKnownFileType = sourcecode.swift; path = ProfileView.swift; sourceTree = "<group>"; };
		63AAABBB2A38D7100007437C /* IntInput.swift */ = {isa = PBXFileReference; lastKnownFileType = sourcecode.swift; path = IntInput.swift; sourceTree = "<group>"; };
		63AAABBD2A38D7290007437C /* DateInput.swift */ = {isa = PBXFileReference; lastKnownFileType = sourcecode.swift; path = DateInput.swift; sourceTree = "<group>"; };
		63AAABBF2A38D7530007437C /* MenuInput.swift */ = {isa = PBXFileReference; lastKnownFileType = sourcecode.swift; path = MenuInput.swift; sourceTree = "<group>"; };
		63AAABC12A38D76D0007437C /* ShortInput.swift */ = {isa = PBXFileReference; lastKnownFileType = sourcecode.swift; path = ShortInput.swift; sourceTree = "<group>"; };
		63AAABC32A38D7830007437C /* LongInput.swift */ = {isa = PBXFileReference; lastKnownFileType = sourcecode.swift; name = LongInput.swift; path = SAFA/LongInput.swift; sourceTree = SOURCE_ROOT; };
		63AAABC52A38D7940007437C /* ImageInput.swift */ = {isa = PBXFileReference; lastKnownFileType = sourcecode.swift; name = ImageInput.swift; path = SAFA/ImageInput.swift; sourceTree = SOURCE_ROOT; };
		63AAABC72A38D7A30007437C /* VideoInput.swift */ = {isa = PBXFileReference; lastKnownFileType = sourcecode.swift; name = VideoInput.swift; path = SAFA/VideoInput.swift; sourceTree = SOURCE_ROOT; };
		63AAABC92A38D7CA0007437C /* FileInput.swift */ = {isa = PBXFileReference; lastKnownFileType = sourcecode.swift; path = FileInput.swift; sourceTree = "<group>"; };
		63B0F533292136B600E62554 /* ApplicationForm.swift */ = {isa = PBXFileReference; lastKnownFileType = sourcecode.swift; path = ApplicationForm.swift; sourceTree = "<group>"; };
		63B2FE112A574C7500EBBF26 /* SignUpView.swift */ = {isa = PBXFileReference; lastKnownFileType = sourcecode.swift; path = SignUpView.swift; sourceTree = "<group>"; };
		63B2FE132A574F8E00EBBF26 /* SignUpEmailView.swift */ = {isa = PBXFileReference; lastKnownFileType = sourcecode.swift; path = SignUpEmailView.swift; sourceTree = "<group>"; };
		63CA0AF12A62098000DEA17C /* FormFieldInfo.swift */ = {isa = PBXFileReference; lastKnownFileType = sourcecode.swift; path = FormFieldInfo.swift; sourceTree = "<group>"; };
		63CA0AF32A62113D00DEA17C /* AuthenticationManager.swift */ = {isa = PBXFileReference; lastKnownFileType = sourcecode.swift; path = AuthenticationManager.swift; sourceTree = "<group>"; };
		63D643F52A41496E00043A24 /* IntStack.swift */ = {isa = PBXFileReference; lastKnownFileType = sourcecode.swift; path = IntStack.swift; sourceTree = "<group>"; };
		63E16C73290C3BB900166906 /* SAFA.app */ = {isa = PBXFileReference; explicitFileType = wrapper.application; includeInIndex = 0; path = SAFA.app; sourceTree = BUILT_PRODUCTS_DIR; };
		63E16C76290C3BB900166906 /* SAFAApp.swift */ = {isa = PBXFileReference; lastKnownFileType = sourcecode.swift; path = SAFAApp.swift; sourceTree = "<group>"; };
		63E16C78290C3BB900166906 /* RootView.swift */ = {isa = PBXFileReference; lastKnownFileType = sourcecode.swift; path = RootView.swift; sourceTree = "<group>"; };
		63E16C7A290C3BBC00166906 /* Assets.xcassets */ = {isa = PBXFileReference; lastKnownFileType = folder.assetcatalog; path = Assets.xcassets; sourceTree = "<group>"; };
		63E16C7C290C3BBC00166906 /* SAFA.entitlements */ = {isa = PBXFileReference; lastKnownFileType = text.plist.entitlements; path = SAFA.entitlements; sourceTree = "<group>"; };
		63E16C7E290C3BBC00166906 /* Preview Assets.xcassets */ = {isa = PBXFileReference; lastKnownFileType = folder.assetcatalog; path = "Preview Assets.xcassets"; sourceTree = "<group>"; };
		63E16C84290C3BBC00166906 /* SAFATests.xctest */ = {isa = PBXFileReference; explicitFileType = wrapper.cfbundle; includeInIndex = 0; path = SAFATests.xctest; sourceTree = BUILT_PRODUCTS_DIR; };
		63E16C88290C3BBC00166906 /* SAFATests.swift */ = {isa = PBXFileReference; lastKnownFileType = sourcecode.swift; path = SAFATests.swift; sourceTree = "<group>"; };
		63E16C8E290C3BBC00166906 /* SAFAUITests.xctest */ = {isa = PBXFileReference; explicitFileType = wrapper.cfbundle; includeInIndex = 0; path = SAFAUITests.xctest; sourceTree = BUILT_PRODUCTS_DIR; };
		63E16C92290C3BBC00166906 /* SAFAUITests.swift */ = {isa = PBXFileReference; lastKnownFileType = sourcecode.swift; path = SAFAUITests.swift; sourceTree = "<group>"; };
		63E16C94290C3BBC00166906 /* SAFAUITestsLaunchTests.swift */ = {isa = PBXFileReference; lastKnownFileType = sourcecode.swift; path = SAFAUITestsLaunchTests.swift; sourceTree = "<group>"; };
		63E673EA2922A25C0055E9C7 /* Academy.swift */ = {isa = PBXFileReference; lastKnownFileType = sourcecode.swift; path = Academy.swift; sourceTree = "<group>"; };
		63E673EC2922AC8B0055E9C7 /* AcademiesStore.swift */ = {isa = PBXFileReference; lastKnownFileType = sourcecode.swift; path = AcademiesStore.swift; sourceTree = "<group>"; };
		63E673EE2922ADA90055E9C7 /* AcademyCard.swift */ = {isa = PBXFileReference; lastKnownFileType = sourcecode.swift; path = AcademyCard.swift; sourceTree = "<group>"; };
		63E673F02922AE5D0055E9C7 /* AcademyDetail.swift */ = {isa = PBXFileReference; lastKnownFileType = sourcecode.swift; path = AcademyDetail.swift; sourceTree = "<group>"; };
		63EC2650291D6B8400368E53 /* FormView.swift */ = {isa = PBXFileReference; lastKnownFileType = sourcecode.swift; path = FormView.swift; sourceTree = "<group>"; };
		63F9E1D82A3D0D7C00D66655 /* SectionWrapper.swift */ = {isa = PBXFileReference; lastKnownFileType = sourcecode.swift; path = SectionWrapper.swift; sourceTree = "<group>"; };
		921D8B7B2AD213E300E81023 /* SignInEmailView.swift */ = {isa = PBXFileReference; lastKnownFileType = sourcecode.swift; path = SignInEmailView.swift; sourceTree = "<group>"; };
		924B84242AA26A0D00DD10B2 /* SettingsView.swift */ = {isa = PBXFileReference; lastKnownFileType = sourcecode.swift; path = SettingsView.swift; sourceTree = "<group>"; };
		92553F032AD4AA130087307B /* AdditionalInfoView.swift */ = {isa = PBXFileReference; lastKnownFileType = sourcecode.swift; path = AdditionalInfoView.swift; sourceTree = "<group>"; };
		92C09AFE2AD2F8000053379C /* ResetPasswordView.swift */ = {isa = PBXFileReference; lastKnownFileType = sourcecode.swift; path = ResetPasswordView.swift; sourceTree = "<group>"; };
		92C09B082AD42F3C0053379C /* GoogleService-Info.plist */ = {isa = PBXFileReference; fileEncoding = 4; lastKnownFileType = text.plist.xml; name = "GoogleService-Info.plist"; path = "../../../../Downloads/GoogleService-Info.plist"; sourceTree = "<group>"; };
		92C09B142AD49A2E0053379C /* UserManager.swift */ = {isa = PBXFileReference; lastKnownFileType = sourcecode.swift; path = UserManager.swift; sourceTree = "<group>"; };
		92C09B172AD4A1090053379C /* SignUpEmailViewModel.swift */ = {isa = PBXFileReference; lastKnownFileType = sourcecode.swift; path = SignUpEmailViewModel.swift; sourceTree = "<group>"; };
		92C09B1B2AD4A3820053379C /* AgeInput.swift */ = {isa = PBXFileReference; lastKnownFileType = sourcecode.swift; path = AgeInput.swift; sourceTree = "<group>"; };
		92C09B1D2AD4A3FC0053379C /* NameAndAddressInput.swift */ = {isa = PBXFileReference; lastKnownFileType = sourcecode.swift; path = NameAndAddressInput.swift; sourceTree = "<group>"; };
/* End PBXFileReference section */

/* Begin PBXFrameworksBuildPhase section */
		63E16C70290C3BB900166906 /* Frameworks */ = {
			isa = PBXFrameworksBuildPhase;
			buildActionMask = 2147483647;
			files = (
				92C09B042AD3923E0053379C /* GoogleSignInSwift in Frameworks */,
				63F5224B2A562607007403FB /* FirebaseAnalyticsSwift in Frameworks */,
				92C09B022AD3923E0053379C /* GoogleSignIn in Frameworks */,
				92C09B122AD470850053379C /* FirebaseFirestoreSwift in Frameworks */,
				63F5224D2A562607007403FB /* FirebaseAuth in Frameworks */,
				63F522492A562607007403FB /* FirebaseAnalytics in Frameworks */,
				92C09B102AD470850053379C /* FirebaseFirestore in Frameworks */,
			);
			runOnlyForDeploymentPostprocessing = 0;
		};
		63E16C81290C3BBC00166906 /* Frameworks */ = {
			isa = PBXFrameworksBuildPhase;
			buildActionMask = 2147483647;
			files = (
			);
			runOnlyForDeploymentPostprocessing = 0;
		};
		63E16C8B290C3BBC00166906 /* Frameworks */ = {
			isa = PBXFrameworksBuildPhase;
			buildActionMask = 2147483647;
			files = (
			);
			runOnlyForDeploymentPostprocessing = 0;
		};
/* End PBXFrameworksBuildPhase section */

/* Begin PBXGroup section */
		6337CB322A3A1E0500D364CA /* Academies */ = {
			isa = PBXGroup;
			children = (
				638B5368290ED2E0005AB8FD /* AcademiesView.swift */,
				63E673F02922AE5D0055E9C7 /* AcademyDetail.swift */,
				63E673EE2922ADA90055E9C7 /* AcademyCard.swift */,
				6337CB332A3A1E5F00D364CA /* Models */,
			);
			path = Academies;
			sourceTree = "<group>";
		};
		6337CB332A3A1E5F00D364CA /* Models */ = {
			isa = PBXGroup;
			children = (
				63E673EC2922AC8B0055E9C7 /* AcademiesStore.swift */,
				63E673EA2922A25C0055E9C7 /* Academy.swift */,
			);
			path = Models;
			sourceTree = "<group>";
		};
		6337CB342A3A1E7D00D364CA /* Profile */ = {
			isa = PBXGroup;
			children = (
				63A367602910A0DD00B7515E /* ProfileView.swift */,
				6337CB352A3A1E8800D364CA /* Models */,
			);
			path = Profile;
			sourceTree = "<group>";
		};
		6337CB352A3A1E8800D364CA /* Models */ = {
			isa = PBXGroup;
			children = (
				6311E06C2A394B320074A94E /* Profile.swift */,
				6337CB302A3A1C6E00D364CA /* ProfileStore.swift */,
			);
			path = Models;
			sourceTree = "<group>";
		};
		63AAABB82A38D4960007437C /* Forms */ = {
			isa = PBXGroup;
			children = (
				63279DDE290D697900814474 /* FormsView.swift */,
				633133F52921BEEC00CEBB62 /* FormCard.swift */,
				631414C72A454374008AE84D /* FormProgress.swift */,
				63EC2650291D6B8400368E53 /* FormView.swift */,
				633133F92921E82A00CEBB62 /* FormQuestion.swift */,
				63279DE0290D779C00814474 /* UploadButton.swift */,
				63F9E1D82A3D0D7C00D66655 /* SectionWrapper.swift */,
				63AAABBA2A38D4CA0007437C /* Input Views */,
				63AAABB92A38D4A30007437C /* Models */,
				631414C92A454F40008AE84D /* FormButtons.swift */,
			);
			path = Forms;
			sourceTree = "<group>";
		};
		63AAABB92A38D4A30007437C /* Models */ = {
			isa = PBXGroup;
			children = (
				633133F32921B92200CEBB62 /* FormsStore.swift */,
				63B0F533292136B600E62554 /* ApplicationForm.swift */,
				63279DE2290D825000814474 /* FormData.swift */,
				633133F72921D93B00CEBB62 /* Response.swift */,
			);
			path = Models;
			sourceTree = "<group>";
		};
		63AAABBA2A38D4CA0007437C /* Input Views */ = {
			isa = PBXGroup;
			children = (
				63AAABC92A38D7CA0007437C /* FileInput.swift */,
				63AAABC72A38D7A30007437C /* VideoInput.swift */,
				63AAABC52A38D7940007437C /* ImageInput.swift */,
				63AAABC32A38D7830007437C /* LongInput.swift */,
				63AAABC12A38D76D0007437C /* ShortInput.swift */,
				63AAABBB2A38D7100007437C /* IntInput.swift */,
				63AAABBD2A38D7290007437C /* DateInput.swift */,
				63AAABBF2A38D7530007437C /* MenuInput.swift */,
			);
			path = "Input Views";
			sourceTree = "<group>";
		};
		63B2FE102A57495800EBBF26 /* Authentication */ = {
			isa = PBXGroup;
			children = (
				92C09B162AD4A0D50053379C /* SignUpEmail */,
				63B2FE112A574C7500EBBF26 /* SignUpView.swift */,
				63CA0AF12A62098000DEA17C /* FormFieldInfo.swift */,
				924B84242AA26A0D00DD10B2 /* SettingsView.swift */,
				921D8B7B2AD213E300E81023 /* SignInEmailView.swift */,
				92C09AFE2AD2F8000053379C /* ResetPasswordView.swift */,
			);
			path = Authentication;
			sourceTree = "<group>";
		};
		63D643F42A41495D00043A24 /* Models */ = {
			isa = PBXGroup;
			children = (
				63D643F52A41496E00043A24 /* IntStack.swift */,
			);
			path = Models;
			sourceTree = "<group>";
		};
		63E16C6A290C3BB900166906 = {
			isa = PBXGroup;
			children = (
				63E16C75290C3BB900166906 /* SAFA */,
				63E16C87290C3BBC00166906 /* SAFATests */,
				63E16C91290C3BBC00166906 /* SAFAUITests */,
				63E16C74290C3BB900166906 /* Products */,
				92C09B0E2AD470850053379C /* Frameworks */,
			);
			sourceTree = "<group>";
		};
		63E16C74290C3BB900166906 /* Products */ = {
			isa = PBXGroup;
			children = (
				63E16C73290C3BB900166906 /* SAFA.app */,
				63E16C84290C3BBC00166906 /* SAFATests.xctest */,
				63E16C8E290C3BBC00166906 /* SAFAUITests.xctest */,
			);
			name = Products;
			sourceTree = "<group>";
		};
		63E16C75290C3BB900166906 /* SAFA */ = {
			isa = PBXGroup;
			children = (
				92C09B132AD497780053379C /* Managers */,
				63B2FE102A57495800EBBF26 /* Authentication */,
				63D643F42A41495D00043A24 /* Models */,
				6337CB342A3A1E7D00D364CA /* Profile */,
				6337CB322A3A1E0500D364CA /* Academies */,
				63AAABB82A38D4960007437C /* Forms */,
				63E16C76290C3BB900166906 /* SAFAApp.swift */,
				63E16C78290C3BB900166906 /* RootView.swift */,
				635EACBE2A4BC0770045D3F1 /* AppBar.swift */,
				63E16C7A290C3BBC00166906 /* Assets.xcassets */,
				92C09B082AD42F3C0053379C /* GoogleService-Info.plist */,
				63E16C7C290C3BBC00166906 /* SAFA.entitlements */,
				63E16C7D290C3BBC00166906 /* Preview Content */,
			);
			path = SAFA;
			sourceTree = "<group>";
		};
		63E16C7D290C3BBC00166906 /* Preview Content */ = {
			isa = PBXGroup;
			children = (
				63E16C7E290C3BBC00166906 /* Preview Assets.xcassets */,
			);
			path = "Preview Content";
			sourceTree = "<group>";
		};
		63E16C87290C3BBC00166906 /* SAFATests */ = {
			isa = PBXGroup;
			children = (
				63E16C88290C3BBC00166906 /* SAFATests.swift */,
			);
			path = SAFATests;
			sourceTree = "<group>";
		};
		63E16C91290C3BBC00166906 /* SAFAUITests */ = {
			isa = PBXGroup;
			children = (
				63E16C92290C3BBC00166906 /* SAFAUITests.swift */,
				63E16C94290C3BBC00166906 /* SAFAUITestsLaunchTests.swift */,
			);
			path = SAFAUITests;
			sourceTree = "<group>";
		};
		92C09B0E2AD470850053379C /* Frameworks */ = {
			isa = PBXGroup;
			children = (
			);
			name = Frameworks;
			sourceTree = "<group>";
		};
		92C09B132AD497780053379C /* Managers */ = {
			isa = PBXGroup;
			children = (
				63CA0AF32A62113D00DEA17C /* AuthenticationManager.swift */,
				92C09B142AD49A2E0053379C /* UserManager.swift */,
			);
			path = Managers;
			sourceTree = "<group>";
		};
		92C09B162AD4A0D50053379C /* SignUpEmail */ = {
			isa = PBXGroup;
			children = (
				63B2FE132A574F8E00EBBF26 /* SignUpEmailView.swift */,
				92C09B172AD4A1090053379C /* SignUpEmailViewModel.swift */,
				92C09B1B2AD4A3820053379C /* AgeInput.swift */,
				92C09B1D2AD4A3FC0053379C /* NameAndAddressInput.swift */,
				92553F032AD4AA130087307B /* AdditionalInfoView.swift */,
			);
			path = SignUpEmail;
			sourceTree = "<group>";
		};
/* End PBXGroup section */

/* Begin PBXNativeTarget section */
		63E16C72290C3BB900166906 /* SAFA */ = {
			isa = PBXNativeTarget;
			buildConfigurationList = 63E16C98290C3BBC00166906 /* Build configuration list for PBXNativeTarget "SAFA" */;
			buildPhases = (
				63E16C6F290C3BB900166906 /* Sources */,
				63E16C70290C3BB900166906 /* Frameworks */,
				63E16C71290C3BB900166906 /* Resources */,
			);
			buildRules = (
			);
			dependencies = (
			);
			name = SAFA;
			packageProductDependencies = (
				63F522482A562607007403FB /* FirebaseAnalytics */,
				63F5224A2A562607007403FB /* FirebaseAnalyticsSwift */,
				63F5224C2A562607007403FB /* FirebaseAuth */,
				92C09B012AD3923E0053379C /* GoogleSignIn */,
				92C09B032AD3923E0053379C /* GoogleSignInSwift */,
				92C09B0F2AD470850053379C /* FirebaseFirestore */,
				92C09B112AD470850053379C /* FirebaseFirestoreSwift */,
			);
			productName = SAFA;
			productReference = 63E16C73290C3BB900166906 /* SAFA.app */;
			productType = "com.apple.product-type.application";
		};
		63E16C83290C3BBC00166906 /* SAFATests */ = {
			isa = PBXNativeTarget;
			buildConfigurationList = 63E16C9B290C3BBC00166906 /* Build configuration list for PBXNativeTarget "SAFATests" */;
			buildPhases = (
				63E16C80290C3BBC00166906 /* Sources */,
				63E16C81290C3BBC00166906 /* Frameworks */,
				63E16C82290C3BBC00166906 /* Resources */,
			);
			buildRules = (
			);
			dependencies = (
				63E16C86290C3BBC00166906 /* PBXTargetDependency */,
			);
			name = SAFATests;
			productName = SAFATests;
			productReference = 63E16C84290C3BBC00166906 /* SAFATests.xctest */;
			productType = "com.apple.product-type.bundle.unit-test";
		};
		63E16C8D290C3BBC00166906 /* SAFAUITests */ = {
			isa = PBXNativeTarget;
			buildConfigurationList = 63E16C9E290C3BBC00166906 /* Build configuration list for PBXNativeTarget "SAFAUITests" */;
			buildPhases = (
				63E16C8A290C3BBC00166906 /* Sources */,
				63E16C8B290C3BBC00166906 /* Frameworks */,
				63E16C8C290C3BBC00166906 /* Resources */,
			);
			buildRules = (
			);
			dependencies = (
				63E16C90290C3BBC00166906 /* PBXTargetDependency */,
			);
			name = SAFAUITests;
			productName = SAFAUITests;
			productReference = 63E16C8E290C3BBC00166906 /* SAFAUITests.xctest */;
			productType = "com.apple.product-type.bundle.ui-testing";
		};
/* End PBXNativeTarget section */

/* Begin PBXProject section */
		63E16C6B290C3BB900166906 /* Project object */ = {
			isa = PBXProject;
			attributes = {
				BuildIndependentTargetsInParallel = 1;
				LastSwiftUpdateCheck = 1400;
				LastUpgradeCheck = 1500;
				TargetAttributes = {
					63E16C72290C3BB900166906 = {
						CreatedOnToolsVersion = 14.0.1;
					};
					63E16C83290C3BBC00166906 = {
						CreatedOnToolsVersion = 14.0.1;
						TestTargetID = 63E16C72290C3BB900166906;
					};
					63E16C8D290C3BBC00166906 = {
						CreatedOnToolsVersion = 14.0.1;
						TestTargetID = 63E16C72290C3BB900166906;
					};
				};
			};
			buildConfigurationList = 63E16C6E290C3BB900166906 /* Build configuration list for PBXProject "SAFA" */;
			compatibilityVersion = "Xcode 14.0";
			developmentRegion = en;
			hasScannedForEncodings = 0;
			knownRegions = (
				en,
				Base,
			);
			mainGroup = 63E16C6A290C3BB900166906;
			packageReferences = (
				63F522472A562607007403FB /* XCRemoteSwiftPackageReference "firebase-ios-sdk" */,
				92C09B002AD3923D0053379C /* XCRemoteSwiftPackageReference "GoogleSignIn-iOS" */,
			);
			productRefGroup = 63E16C74290C3BB900166906 /* Products */;
			projectDirPath = "";
			projectRoot = "";
			targets = (
				63E16C72290C3BB900166906 /* SAFA */,
				63E16C83290C3BBC00166906 /* SAFATests */,
				63E16C8D290C3BBC00166906 /* SAFAUITests */,
			);
		};
/* End PBXProject section */

/* Begin PBXResourcesBuildPhase section */
		63E16C71290C3BB900166906 /* Resources */ = {
			isa = PBXResourcesBuildPhase;
			buildActionMask = 2147483647;
			files = (
				63E16C7F290C3BBC00166906 /* Preview Assets.xcassets in Resources */,
				63E16C7B290C3BBC00166906 /* Assets.xcassets in Resources */,
				92C09B092AD42F3C0053379C /* GoogleService-Info.plist in Resources */,
			);
			runOnlyForDeploymentPostprocessing = 0;
		};
		63E16C82290C3BBC00166906 /* Resources */ = {
			isa = PBXResourcesBuildPhase;
			buildActionMask = 2147483647;
			files = (
			);
			runOnlyForDeploymentPostprocessing = 0;
		};
		63E16C8C290C3BBC00166906 /* Resources */ = {
			isa = PBXResourcesBuildPhase;
			buildActionMask = 2147483647;
			files = (
			);
			runOnlyForDeploymentPostprocessing = 0;
		};
/* End PBXResourcesBuildPhase section */

/* Begin PBXSourcesBuildPhase section */
		63E16C6F290C3BB900166906 /* Sources */ = {
			isa = PBXSourcesBuildPhase;
			buildActionMask = 2147483647;
			files = (
				63EC2651291D6B8400368E53 /* FormView.swift in Sources */,
				6311E06D2A394B320074A94E /* Profile.swift in Sources */,
				63AAABC22A38D76D0007437C /* ShortInput.swift in Sources */,
				63AAABC82A38D7A30007437C /* VideoInput.swift in Sources */,
				63E16C79290C3BB900166906 /* RootView.swift in Sources */,
				63B2FE142A574F8E00EBBF26 /* SignUpEmailView.swift in Sources */,
				92C09AFF2AD2F8000053379C /* ResetPasswordView.swift in Sources */,
				924B84252AA26A0D00DD10B2 /* SettingsView.swift in Sources */,
				63279DDF290D697900814474 /* FormsView.swift in Sources */,
				63AAABC42A38D7830007437C /* LongInput.swift in Sources */,
				63D643F62A41496E00043A24 /* IntStack.swift in Sources */,
				63CA0AF22A62098000DEA17C /* FormFieldInfo.swift in Sources */,
				63B0F534292136B600E62554 /* ApplicationForm.swift in Sources */,
				63E673EB2922A25C0055E9C7 /* Academy.swift in Sources */,
				63AAABBE2A38D7290007437C /* DateInput.swift in Sources */,
				633133F82921D93B00CEBB62 /* Response.swift in Sources */,
				63AAABBC2A38D7100007437C /* IntInput.swift in Sources */,
				633133F62921BEEC00CEBB62 /* FormCard.swift in Sources */,
				63279DE1290D779C00814474 /* UploadButton.swift in Sources */,
				92553F042AD4AA140087307B /* AdditionalInfoView.swift in Sources */,
				92C09B1C2AD4A3820053379C /* AgeInput.swift in Sources */,
				638B5369290ED2E0005AB8FD /* AcademiesView.swift in Sources */,
				63B2FE122A574C7500EBBF26 /* SignUpView.swift in Sources */,
				633133FA2921E82A00CEBB62 /* FormQuestion.swift in Sources */,
				63E673EF2922ADA90055E9C7 /* AcademyCard.swift in Sources */,
				92C09B182AD4A1090053379C /* SignUpEmailViewModel.swift in Sources */,
				63CA0AF42A62113D00DEA17C /* AuthenticationManager.swift in Sources */,
				921D8B7C2AD213E300E81023 /* SignInEmailView.swift in Sources */,
				631414C82A454374008AE84D /* FormProgress.swift in Sources */,
				631414CA2A454F40008AE84D /* FormButtons.swift in Sources */,
				63E673ED2922AC8B0055E9C7 /* AcademiesStore.swift in Sources */,
				63AAABC62A38D7940007437C /* ImageInput.swift in Sources */,
				63279DE3290D825000814474 /* FormData.swift in Sources */,
				63AAABCA2A38D7CA0007437C /* FileInput.swift in Sources */,
				92C09B1E2AD4A3FC0053379C /* NameAndAddressInput.swift in Sources */,
				63AAABC02A38D7530007437C /* MenuInput.swift in Sources */,
				63E673F12922AE5D0055E9C7 /* AcademyDetail.swift in Sources */,
				6337CB312A3A1C6E00D364CA /* ProfileStore.swift in Sources */,
				63F9E1D92A3D0D7C00D66655 /* SectionWrapper.swift in Sources */,
				633133F42921B92200CEBB62 /* FormsStore.swift in Sources */,
				635EACBF2A4BC0770045D3F1 /* AppBar.swift in Sources */,
				63A367612910A0DD00B7515E /* ProfileView.swift in Sources */,
				92C09B152AD49A2E0053379C /* UserManager.swift in Sources */,
				63E16C77290C3BB900166906 /* SAFAApp.swift in Sources */,
			);
			runOnlyForDeploymentPostprocessing = 0;
		};
		63E16C80290C3BBC00166906 /* Sources */ = {
			isa = PBXSourcesBuildPhase;
			buildActionMask = 2147483647;
			files = (
				63E16C89290C3BBC00166906 /* SAFATests.swift in Sources */,
			);
			runOnlyForDeploymentPostprocessing = 0;
		};
		63E16C8A290C3BBC00166906 /* Sources */ = {
			isa = PBXSourcesBuildPhase;
			buildActionMask = 2147483647;
			files = (
				63E16C93290C3BBC00166906 /* SAFAUITests.swift in Sources */,
				63E16C95290C3BBC00166906 /* SAFAUITestsLaunchTests.swift in Sources */,
			);
			runOnlyForDeploymentPostprocessing = 0;
		};
/* End PBXSourcesBuildPhase section */

/* Begin PBXTargetDependency section */
		63E16C86290C3BBC00166906 /* PBXTargetDependency */ = {
			isa = PBXTargetDependency;
			target = 63E16C72290C3BB900166906 /* SAFA */;
			targetProxy = 63E16C85290C3BBC00166906 /* PBXContainerItemProxy */;
		};
		63E16C90290C3BBC00166906 /* PBXTargetDependency */ = {
			isa = PBXTargetDependency;
			target = 63E16C72290C3BB900166906 /* SAFA */;
			targetProxy = 63E16C8F290C3BBC00166906 /* PBXContainerItemProxy */;
		};
/* End PBXTargetDependency section */

/* Begin XCBuildConfiguration section */
		63E16C96290C3BBC00166906 /* Debug */ = {
			isa = XCBuildConfiguration;
			buildSettings = {
				ALWAYS_SEARCH_USER_PATHS = NO;
				CLANG_ANALYZER_NONNULL = YES;
				CLANG_ANALYZER_NUMBER_OBJECT_CONVERSION = YES_AGGRESSIVE;
				CLANG_CXX_LANGUAGE_STANDARD = "gnu++20";
				CLANG_ENABLE_MODULES = YES;
				CLANG_ENABLE_OBJC_ARC = YES;
				CLANG_ENABLE_OBJC_WEAK = YES;
				CLANG_WARN_BLOCK_CAPTURE_AUTORELEASING = YES;
				CLANG_WARN_BOOL_CONVERSION = YES;
				CLANG_WARN_COMMA = YES;
				CLANG_WARN_CONSTANT_CONVERSION = YES;
				CLANG_WARN_DEPRECATED_OBJC_IMPLEMENTATIONS = YES;
				CLANG_WARN_DIRECT_OBJC_ISA_USAGE = YES_ERROR;
				CLANG_WARN_DOCUMENTATION_COMMENTS = YES;
				CLANG_WARN_EMPTY_BODY = YES;
				CLANG_WARN_ENUM_CONVERSION = YES;
				CLANG_WARN_INFINITE_RECURSION = YES;
				CLANG_WARN_INT_CONVERSION = YES;
				CLANG_WARN_NON_LITERAL_NULL_CONVERSION = YES;
				CLANG_WARN_OBJC_IMPLICIT_RETAIN_SELF = YES;
				CLANG_WARN_OBJC_LITERAL_CONVERSION = YES;
				CLANG_WARN_OBJC_ROOT_CLASS = YES_ERROR;
				CLANG_WARN_QUOTED_INCLUDE_IN_FRAMEWORK_HEADER = YES;
				CLANG_WARN_RANGE_LOOP_ANALYSIS = YES;
				CLANG_WARN_STRICT_PROTOTYPES = YES;
				CLANG_WARN_SUSPICIOUS_MOVE = YES;
				CLANG_WARN_UNGUARDED_AVAILABILITY = YES_AGGRESSIVE;
				CLANG_WARN_UNREACHABLE_CODE = YES;
				CLANG_WARN__DUPLICATE_METHOD_MATCH = YES;
				COPY_PHASE_STRIP = NO;
				DEAD_CODE_STRIPPING = YES;
				DEBUG_INFORMATION_FORMAT = dwarf;
				ENABLE_STRICT_OBJC_MSGSEND = YES;
				ENABLE_TESTABILITY = YES;
				ENABLE_USER_SCRIPT_SANDBOXING = YES;
				GCC_C_LANGUAGE_STANDARD = gnu11;
				GCC_DYNAMIC_NO_PIC = NO;
				GCC_NO_COMMON_BLOCKS = YES;
				GCC_OPTIMIZATION_LEVEL = 0;
				GCC_PREPROCESSOR_DEFINITIONS = (
					"DEBUG=1",
					"$(inherited)",
				);
				GCC_WARN_64_TO_32_BIT_CONVERSION = YES;
				GCC_WARN_ABOUT_RETURN_TYPE = YES_ERROR;
				GCC_WARN_UNDECLARED_SELECTOR = YES;
				GCC_WARN_UNINITIALIZED_AUTOS = YES_AGGRESSIVE;
				GCC_WARN_UNUSED_FUNCTION = YES;
				GCC_WARN_UNUSED_VARIABLE = YES;
				IPHONEOS_DEPLOYMENT_TARGET = 15.0;
				MACOSX_DEPLOYMENT_TARGET = 14.0;
				MTL_ENABLE_DEBUG_INFO = INCLUDE_SOURCE;
				MTL_FAST_MATH = YES;
				ONLY_ACTIVE_ARCH = YES;
				SWIFT_ACTIVE_COMPILATION_CONDITIONS = DEBUG;
				SWIFT_OPTIMIZATION_LEVEL = "-Onone";
			};
			name = Debug;
		};
		63E16C97290C3BBC00166906 /* Release */ = {
			isa = XCBuildConfiguration;
			buildSettings = {
				ALWAYS_SEARCH_USER_PATHS = NO;
				CLANG_ANALYZER_NONNULL = YES;
				CLANG_ANALYZER_NUMBER_OBJECT_CONVERSION = YES_AGGRESSIVE;
				CLANG_CXX_LANGUAGE_STANDARD = "gnu++20";
				CLANG_ENABLE_MODULES = YES;
				CLANG_ENABLE_OBJC_ARC = YES;
				CLANG_ENABLE_OBJC_WEAK = YES;
				CLANG_WARN_BLOCK_CAPTURE_AUTORELEASING = YES;
				CLANG_WARN_BOOL_CONVERSION = YES;
				CLANG_WARN_COMMA = YES;
				CLANG_WARN_CONSTANT_CONVERSION = YES;
				CLANG_WARN_DEPRECATED_OBJC_IMPLEMENTATIONS = YES;
				CLANG_WARN_DIRECT_OBJC_ISA_USAGE = YES_ERROR;
				CLANG_WARN_DOCUMENTATION_COMMENTS = YES;
				CLANG_WARN_EMPTY_BODY = YES;
				CLANG_WARN_ENUM_CONVERSION = YES;
				CLANG_WARN_INFINITE_RECURSION = YES;
				CLANG_WARN_INT_CONVERSION = YES;
				CLANG_WARN_NON_LITERAL_NULL_CONVERSION = YES;
				CLANG_WARN_OBJC_IMPLICIT_RETAIN_SELF = YES;
				CLANG_WARN_OBJC_LITERAL_CONVERSION = YES;
				CLANG_WARN_OBJC_ROOT_CLASS = YES_ERROR;
				CLANG_WARN_QUOTED_INCLUDE_IN_FRAMEWORK_HEADER = YES;
				CLANG_WARN_RANGE_LOOP_ANALYSIS = YES;
				CLANG_WARN_STRICT_PROTOTYPES = YES;
				CLANG_WARN_SUSPICIOUS_MOVE = YES;
				CLANG_WARN_UNGUARDED_AVAILABILITY = YES_AGGRESSIVE;
				CLANG_WARN_UNREACHABLE_CODE = YES;
				CLANG_WARN__DUPLICATE_METHOD_MATCH = YES;
				COPY_PHASE_STRIP = NO;
				DEAD_CODE_STRIPPING = YES;
				DEBUG_INFORMATION_FORMAT = "dwarf-with-dsym";
				ENABLE_NS_ASSERTIONS = NO;
				ENABLE_STRICT_OBJC_MSGSEND = YES;
				ENABLE_USER_SCRIPT_SANDBOXING = YES;
				GCC_C_LANGUAGE_STANDARD = gnu11;
				GCC_NO_COMMON_BLOCKS = YES;
				GCC_WARN_64_TO_32_BIT_CONVERSION = YES;
				GCC_WARN_ABOUT_RETURN_TYPE = YES_ERROR;
				GCC_WARN_UNDECLARED_SELECTOR = YES;
				GCC_WARN_UNINITIALIZED_AUTOS = YES_AGGRESSIVE;
				GCC_WARN_UNUSED_FUNCTION = YES;
				GCC_WARN_UNUSED_VARIABLE = YES;
				IPHONEOS_DEPLOYMENT_TARGET = 15.0;
				MACOSX_DEPLOYMENT_TARGET = 14.0;
				MTL_ENABLE_DEBUG_INFO = NO;
				MTL_FAST_MATH = YES;
				SWIFT_COMPILATION_MODE = wholemodule;
				SWIFT_OPTIMIZATION_LEVEL = "-O";
			};
			name = Release;
		};
		63E16C99290C3BBC00166906 /* Debug */ = {
			isa = XCBuildConfiguration;
			buildSettings = {
				ASSETCATALOG_COMPILER_APPICON_NAME = AppIcon;
				ASSETCATALOG_COMPILER_GLOBAL_ACCENT_COLOR_NAME = AccentColor;
				CODE_SIGN_ENTITLEMENTS = SAFA/SAFA.entitlements;
				CODE_SIGN_IDENTITY = "Mac Developer";
				CODE_SIGN_STYLE = Automatic;
				CURRENT_PROJECT_VERSION = 1;
				DEAD_CODE_STRIPPING = YES;
				DEVELOPMENT_ASSET_PATHS = "\"SAFA/Preview Content\"";
				DEVELOPMENT_TEAM = 3V36GW7P79;
				ENABLE_HARDENED_RUNTIME = YES;
				ENABLE_PREVIEWS = YES;
				GENERATE_INFOPLIST_FILE = YES;
				INFOPLIST_FILE = SAFA/Info.plist;
				"INFOPLIST_KEY_UIApplicationSceneManifest_Generation[sdk=iphoneos*]" = YES;
				"INFOPLIST_KEY_UIApplicationSceneManifest_Generation[sdk=iphonesimulator*]" = YES;
				"INFOPLIST_KEY_UIApplicationSupportsIndirectInputEvents[sdk=iphoneos*]" = YES;
				"INFOPLIST_KEY_UIApplicationSupportsIndirectInputEvents[sdk=iphonesimulator*]" = YES;
				"INFOPLIST_KEY_UILaunchScreen_Generation[sdk=iphoneos*]" = YES;
				"INFOPLIST_KEY_UILaunchScreen_Generation[sdk=iphonesimulator*]" = YES;
				"INFOPLIST_KEY_UIStatusBarStyle[sdk=iphoneos*]" = UIStatusBarStyleDefault;
				"INFOPLIST_KEY_UIStatusBarStyle[sdk=iphonesimulator*]" = UIStatusBarStyleDefault;
				INFOPLIST_KEY_UISupportedInterfaceOrientations_iPad = "UIInterfaceOrientationPortrait UIInterfaceOrientationPortraitUpsideDown UIInterfaceOrientationLandscapeLeft UIInterfaceOrientationLandscapeRight";
				INFOPLIST_KEY_UISupportedInterfaceOrientations_iPhone = "UIInterfaceOrientationPortrait UIInterfaceOrientationLandscapeLeft UIInterfaceOrientationLandscapeRight";
				IPHONEOS_DEPLOYMENT_TARGET = 15.0;
				LD_RUNPATH_SEARCH_PATHS = "@executable_path/Frameworks";
				"LD_RUNPATH_SEARCH_PATHS[sdk=macosx*]" = "@executable_path/../Frameworks";
				MACOSX_DEPLOYMENT_TARGET = 13.0;
				MARKETING_VERSION = 1.0;
				PRODUCT_BUNDLE_IDENTIFIER = net.safasport.SAFA;
				PRODUCT_NAME = "$(TARGET_NAME)";
				SDKROOT = auto;
				SUPPORTED_PLATFORMS = "iphoneos iphonesimulator macosx";
				SWIFT_EMIT_LOC_STRINGS = YES;
				SWIFT_VERSION = 5.0;
				TARGETED_DEVICE_FAMILY = "1,2";
			};
			name = Debug;
		};
		63E16C9A290C3BBC00166906 /* Release */ = {
			isa = XCBuildConfiguration;
			buildSettings = {
				ASSETCATALOG_COMPILER_APPICON_NAME = AppIcon;
				ASSETCATALOG_COMPILER_GLOBAL_ACCENT_COLOR_NAME = AccentColor;
				CODE_SIGN_ENTITLEMENTS = SAFA/SAFA.entitlements;
				CODE_SIGN_IDENTITY = "Mac Developer";
				CODE_SIGN_STYLE = Automatic;
				CURRENT_PROJECT_VERSION = 1;
				DEAD_CODE_STRIPPING = YES;
				DEVELOPMENT_ASSET_PATHS = "\"SAFA/Preview Content\"";
				DEVELOPMENT_TEAM = 3V36GW7P79;
				ENABLE_HARDENED_RUNTIME = YES;
				ENABLE_PREVIEWS = YES;
				GENERATE_INFOPLIST_FILE = YES;
				INFOPLIST_FILE = SAFA/Info.plist;
				"INFOPLIST_KEY_UIApplicationSceneManifest_Generation[sdk=iphoneos*]" = YES;
				"INFOPLIST_KEY_UIApplicationSceneManifest_Generation[sdk=iphonesimulator*]" = YES;
				"INFOPLIST_KEY_UIApplicationSupportsIndirectInputEvents[sdk=iphoneos*]" = YES;
				"INFOPLIST_KEY_UIApplicationSupportsIndirectInputEvents[sdk=iphonesimulator*]" = YES;
				"INFOPLIST_KEY_UILaunchScreen_Generation[sdk=iphoneos*]" = YES;
				"INFOPLIST_KEY_UILaunchScreen_Generation[sdk=iphonesimulator*]" = YES;
				"INFOPLIST_KEY_UIStatusBarStyle[sdk=iphoneos*]" = UIStatusBarStyleDefault;
				"INFOPLIST_KEY_UIStatusBarStyle[sdk=iphonesimulator*]" = UIStatusBarStyleDefault;
				INFOPLIST_KEY_UISupportedInterfaceOrientations_iPad = "UIInterfaceOrientationPortrait UIInterfaceOrientationPortraitUpsideDown UIInterfaceOrientationLandscapeLeft UIInterfaceOrientationLandscapeRight";
				INFOPLIST_KEY_UISupportedInterfaceOrientations_iPhone = "UIInterfaceOrientationPortrait UIInterfaceOrientationLandscapeLeft UIInterfaceOrientationLandscapeRight";
				IPHONEOS_DEPLOYMENT_TARGET = 15.0;
				LD_RUNPATH_SEARCH_PATHS = "@executable_path/Frameworks";
				"LD_RUNPATH_SEARCH_PATHS[sdk=macosx*]" = "@executable_path/../Frameworks";
				MACOSX_DEPLOYMENT_TARGET = 13.0;
				MARKETING_VERSION = 1.0;
				PRODUCT_BUNDLE_IDENTIFIER = net.safasport.SAFA;
				PRODUCT_NAME = "$(TARGET_NAME)";
				SDKROOT = auto;
				SUPPORTED_PLATFORMS = "iphoneos iphonesimulator macosx";
				SWIFT_EMIT_LOC_STRINGS = YES;
				SWIFT_VERSION = 5.0;
				TARGETED_DEVICE_FAMILY = "1,2";
			};
			name = Release;
		};
		63E16C9C290C3BBC00166906 /* Debug */ = {
			isa = XCBuildConfiguration;
			buildSettings = {
				ALWAYS_EMBED_SWIFT_STANDARD_LIBRARIES = YES;
				BUNDLE_LOADER = "$(TEST_HOST)";
				CODE_SIGN_STYLE = Automatic;
				CURRENT_PROJECT_VERSION = 1;
				DEAD_CODE_STRIPPING = YES;
				GENERATE_INFOPLIST_FILE = YES;
				IPHONEOS_DEPLOYMENT_TARGET = 16.0;
				MACOSX_DEPLOYMENT_TARGET = 12.3;
				MARKETING_VERSION = 1.0;
				PRODUCT_BUNDLE_IDENTIFIER = com.safa.SAFATests;
				PRODUCT_NAME = "$(TARGET_NAME)";
				SDKROOT = auto;
				SUPPORTED_PLATFORMS = "iphoneos iphonesimulator macosx";
				SWIFT_EMIT_LOC_STRINGS = NO;
				SWIFT_VERSION = 5.0;
				TARGETED_DEVICE_FAMILY = "1,2";
				TEST_HOST = "$(BUILT_PRODUCTS_DIR)/SAFA.app/$(BUNDLE_EXECUTABLE_FOLDER_PATH)/SAFA";
			};
			name = Debug;
		};
		63E16C9D290C3BBC00166906 /* Release */ = {
			isa = XCBuildConfiguration;
			buildSettings = {
				ALWAYS_EMBED_SWIFT_STANDARD_LIBRARIES = YES;
				BUNDLE_LOADER = "$(TEST_HOST)";
				CODE_SIGN_STYLE = Automatic;
				CURRENT_PROJECT_VERSION = 1;
				DEAD_CODE_STRIPPING = YES;
				GENERATE_INFOPLIST_FILE = YES;
				IPHONEOS_DEPLOYMENT_TARGET = 16.0;
				MACOSX_DEPLOYMENT_TARGET = 12.3;
				MARKETING_VERSION = 1.0;
				PRODUCT_BUNDLE_IDENTIFIER = com.safa.SAFATests;
				PRODUCT_NAME = "$(TARGET_NAME)";
				SDKROOT = auto;
				SUPPORTED_PLATFORMS = "iphoneos iphonesimulator macosx";
				SWIFT_EMIT_LOC_STRINGS = NO;
				SWIFT_VERSION = 5.0;
				TARGETED_DEVICE_FAMILY = "1,2";
				TEST_HOST = "$(BUILT_PRODUCTS_DIR)/SAFA.app/$(BUNDLE_EXECUTABLE_FOLDER_PATH)/SAFA";
			};
			name = Release;
		};
		63E16C9F290C3BBC00166906 /* Debug */ = {
			isa = XCBuildConfiguration;
			buildSettings = {
				ALWAYS_EMBED_SWIFT_STANDARD_LIBRARIES = YES;
				CODE_SIGN_STYLE = Automatic;
				CURRENT_PROJECT_VERSION = 1;
				DEAD_CODE_STRIPPING = YES;
				GENERATE_INFOPLIST_FILE = YES;
				IPHONEOS_DEPLOYMENT_TARGET = 16.0;
				MACOSX_DEPLOYMENT_TARGET = 12.3;
				MARKETING_VERSION = 1.0;
				PRODUCT_BUNDLE_IDENTIFIER = com.safa.SAFAUITests;
				PRODUCT_NAME = "$(TARGET_NAME)";
				SDKROOT = auto;
				SUPPORTED_PLATFORMS = "iphoneos iphonesimulator macosx";
				SWIFT_EMIT_LOC_STRINGS = NO;
				SWIFT_VERSION = 5.0;
				TARGETED_DEVICE_FAMILY = "1,2";
				TEST_TARGET_NAME = SAFA;
			};
			name = Debug;
		};
		63E16CA0290C3BBC00166906 /* Release */ = {
			isa = XCBuildConfiguration;
			buildSettings = {
				ALWAYS_EMBED_SWIFT_STANDARD_LIBRARIES = YES;
				CODE_SIGN_STYLE = Automatic;
				CURRENT_PROJECT_VERSION = 1;
				DEAD_CODE_STRIPPING = YES;
				GENERATE_INFOPLIST_FILE = YES;
				IPHONEOS_DEPLOYMENT_TARGET = 16.0;
				MACOSX_DEPLOYMENT_TARGET = 12.3;
				MARKETING_VERSION = 1.0;
				PRODUCT_BUNDLE_IDENTIFIER = com.safa.SAFAUITests;
				PRODUCT_NAME = "$(TARGET_NAME)";
				SDKROOT = auto;
				SUPPORTED_PLATFORMS = "iphoneos iphonesimulator macosx";
				SWIFT_EMIT_LOC_STRINGS = NO;
				SWIFT_VERSION = 5.0;
				TARGETED_DEVICE_FAMILY = "1,2";
				TEST_TARGET_NAME = SAFA;
			};
			name = Release;
		};
/* End XCBuildConfiguration section */

/* Begin XCConfigurationList section */
		63E16C6E290C3BB900166906 /* Build configuration list for PBXProject "SAFA" */ = {
			isa = XCConfigurationList;
			buildConfigurations = (
				63E16C96290C3BBC00166906 /* Debug */,
				63E16C97290C3BBC00166906 /* Release */,
			);
			defaultConfigurationIsVisible = 0;
			defaultConfigurationName = Release;
		};
		63E16C98290C3BBC00166906 /* Build configuration list for PBXNativeTarget "SAFA" */ = {
			isa = XCConfigurationList;
			buildConfigurations = (
				63E16C99290C3BBC00166906 /* Debug */,
				63E16C9A290C3BBC00166906 /* Release */,
			);
			defaultConfigurationIsVisible = 0;
			defaultConfigurationName = Release;
		};
		63E16C9B290C3BBC00166906 /* Build configuration list for PBXNativeTarget "SAFATests" */ = {
			isa = XCConfigurationList;
			buildConfigurations = (
				63E16C9C290C3BBC00166906 /* Debug */,
				63E16C9D290C3BBC00166906 /* Release */,
			);
			defaultConfigurationIsVisible = 0;
			defaultConfigurationName = Release;
		};
		63E16C9E290C3BBC00166906 /* Build configuration list for PBXNativeTarget "SAFAUITests" */ = {
			isa = XCConfigurationList;
			buildConfigurations = (
				63E16C9F290C3BBC00166906 /* Debug */,
				63E16CA0290C3BBC00166906 /* Release */,
			);
			defaultConfigurationIsVisible = 0;
			defaultConfigurationName = Release;
		};
/* End XCConfigurationList section */

/* Begin XCRemoteSwiftPackageReference section */
		63F522472A562607007403FB /* XCRemoteSwiftPackageReference "firebase-ios-sdk" */ = {
			isa = XCRemoteSwiftPackageReference;
			repositoryURL = "https://github.com/firebase/firebase-ios-sdk.git";
			requirement = {
				kind = upToNextMajorVersion;
				minimumVersion = 10.11.0;
			};
		};
		92C09B002AD3923D0053379C /* XCRemoteSwiftPackageReference "GoogleSignIn-iOS" */ = {
			isa = XCRemoteSwiftPackageReference;
			repositoryURL = "https://github.com/google/GoogleSignIn-iOS";
			requirement = {
				kind = upToNextMajorVersion;
				minimumVersion = 7.0.0;
			};
		};
/* End XCRemoteSwiftPackageReference section */

/* Begin XCSwiftPackageProductDependency section */
		63F522482A562607007403FB /* FirebaseAnalytics */ = {
			isa = XCSwiftPackageProductDependency;
			package = 63F522472A562607007403FB /* XCRemoteSwiftPackageReference "firebase-ios-sdk" */;
			productName = FirebaseAnalytics;
		};
		63F5224A2A562607007403FB /* FirebaseAnalyticsSwift */ = {
			isa = XCSwiftPackageProductDependency;
			package = 63F522472A562607007403FB /* XCRemoteSwiftPackageReference "firebase-ios-sdk" */;
			productName = FirebaseAnalyticsSwift;
		};
		63F5224C2A562607007403FB /* FirebaseAuth */ = {
			isa = XCSwiftPackageProductDependency;
			package = 63F522472A562607007403FB /* XCRemoteSwiftPackageReference "firebase-ios-sdk" */;
			productName = FirebaseAuth;
		};
		92C09B012AD3923E0053379C /* GoogleSignIn */ = {
			isa = XCSwiftPackageProductDependency;
			package = 92C09B002AD3923D0053379C /* XCRemoteSwiftPackageReference "GoogleSignIn-iOS" */;
			productName = GoogleSignIn;
		};
		92C09B032AD3923E0053379C /* GoogleSignInSwift */ = {
			isa = XCSwiftPackageProductDependency;
			package = 92C09B002AD3923D0053379C /* XCRemoteSwiftPackageReference "GoogleSignIn-iOS" */;
			productName = GoogleSignInSwift;
		};
		92C09B0F2AD470850053379C /* FirebaseFirestore */ = {
			isa = XCSwiftPackageProductDependency;
			package = 63F522472A562607007403FB /* XCRemoteSwiftPackageReference "firebase-ios-sdk" */;
			productName = FirebaseFirestore;
		};
		92C09B112AD470850053379C /* FirebaseFirestoreSwift */ = {
			isa = XCSwiftPackageProductDependency;
			package = 63F522472A562607007403FB /* XCRemoteSwiftPackageReference "firebase-ios-sdk" */;
			productName = FirebaseFirestoreSwift;
		};
/* End XCSwiftPackageProductDependency section */
	};
	rootObject = 63E16C6B290C3BB900166906 /* Project object */;
}
